
Microsoft Visual Studio Solution File, Format Version 12.00
# Visual Studio Version 17
VisualStudioVersion = 17.0.32112.339
MinimumVisualStudioVersion = 10.0.40219.1
Project("{8BC9CEB8-8B4A-11D0-8D11-00A0C91BC942}") = "17413", "17413\17413.vcxproj", "{B5A684FB-E031-4BF9-AA47-54F53B0C7F84}"
EndProject
Project("{8BC9CEB8-8B4A-11D0-8D11-00A0C91BC942}") = "10799", "10799\10799.vcxproj", "{6A185730-A8BB-4FE0-87A4-AB68E5683DE8}"
EndProject
Project("{8BC9CEB8-8B4A-11D0-8D11-00A0C91BC942}") = "1316", "1316\1316.vcxproj", "{BEABE0AA-868D-443B-8E94-9A81E332F426}"
EndProject
Project("{8BC9CEB8-8B4A-11D0-8D11-00A0C91BC942}") = "2941", "2941\2941.vcxproj", "{1080E3D4-7A62-4551-9E36-91E099E827FB}"
EndProject
Project("{8BC9CEB8-8B4A-11D0-8D11-00A0C91BC942}") = "25206", "25206\25206.vcxproj", "{AC3C9C17-0DA1-4EA8-878F-D6F84B050BB7}"
EndProject
Project("{8BC9CEB8-8B4A-11D0-8D11-00A0C91BC942}") = "1193", "1193\1193.vcxproj", "{914C511D-41D6-4206-9E02-8C8077D8B846}"
EndProject
Project("{8BC9CEB8-8B4A-11D0-8D11-00A0C91BC942}") = "2839", "2839\2839.vcxproj", "{2F73413D-9741-4F72-AA60-157F30D34DB2}"
EndProject
Project("{8BC9CEB8-8B4A-11D0-8D11-00A0C91BC942}") = "1978", "1978\1978.vcxproj", "{A666CA15-0D69-4F4E-9183-79608F2DED1B}"
EndProject
Project("{8BC9CEB8-8B4A-11D0-8D11-00A0C91BC942}") = "2581", "2581\2581.vcxproj", "{0834B57C-FF6B-4AA5-BFAC-7B9BD65A8E6A}"
EndProject
Project("{8BC9CEB8-8B4A-11D0-8D11-00A0C91BC942}") = "9020", "9020\9020.vcxproj", "{83081746-895B-4364-BE13-0C4D9A53A333}"
EndProject
Project("{8BC9CEB8-8B4A-11D0-8D11-00A0C91BC942}") = "2751", "2751\2751.vcxproj", "{4DEFF5E9-0CE8-4D20-B3FF-F83BB8A14D72}"
EndProject
Project("{8BC9CEB8-8B4A-11D0-8D11-00A0C91BC942}") = "2108", "2108\2108.vcxproj", "{8D0D3F4F-D063-497E-9EF7-430AE3FE8370}"
EndProject
Project("{8BC9CEB8-8B4A-11D0-8D11-00A0C91BC942}") = "1427", "1427\1427.vcxproj", "{8B7B007E-64A1-4B64-94F2-970188C455F6}"
EndProject
Project("{8BC9CEB8-8B4A-11D0-8D11-00A0C91BC942}") = "11650", "11650\11650.vcxproj", "{DD770761-0AE9-4833-A01B-964920F59764}"
EndProject
Project("{8BC9CEB8-8B4A-11D0-8D11-00A0C91BC942}") = "11651", "11651\11651.vcxproj", "{E336ED0D-4F18-4810-96FC-8D41418FC9F6}"
EndProject
Project("{8BC9CEB8-8B4A-11D0-8D11-00A0C91BC942}") = "1181", "1181\1181.vcxproj", "{C1F23D9E-39F3-40DB-BF37-BFCDB811827A}"
EndProject
Project("{8BC9CEB8-8B4A-11D0-8D11-00A0C91BC942}") = "10814", "10814\10814.vcxproj", "{06E4D4BC-78B1-45A7-A8AD-154C7E152B32}"
EndProject
Project("{8BC9CEB8-8B4A-11D0-8D11-00A0C91BC942}") = "18870", "18870\18870.vcxproj", "{ADC70A5C-B89E-48E8-91F9-CD82539F386F}"
EndProject
Project("{8BC9CEB8-8B4A-11D0-8D11-00A0C91BC942}") = "9711", "9711\9711.vcxproj", "{D72A50F4-3A20-40BD-B50D-41DD7E8E4834}"
EndProject
Project("{8BC9CEB8-8B4A-11D0-8D11-00A0C91BC942}") = "1018", "1018\1018.vcxproj", "{1C4C5FC5-32BA-415F-A1A9-88FE4D0BD296}"
EndProject
Project("{8BC9CEB8-8B4A-11D0-8D11-00A0C91BC942}") = "1436", "1436\1436.vcxproj", "{54E0A2B2-FDF8-4E2A-A046-502AFE85C1B5}"
EndProject
Project("{8BC9CEB8-8B4A-11D0-8D11-00A0C91BC942}") = "2485", "2485\2485.vcxproj", "{AFDED08C-AC89-4123-9449-C4E89C3446B5}"
EndProject
Project("{8BC9CEB8-8B4A-11D0-8D11-00A0C91BC942}") = "1929", "1929\1929.vcxproj", "{2FFB491A-6EB7-4D71-B50A-2A99D1FDD792}"
EndProject
Project("{8BC9CEB8-8B4A-11D0-8D11-00A0C91BC942}") = "4948", "4948\4948.vcxproj", "{15D2B3EE-36E9-4ABD-ACC9-941141F81D23}"
EndProject
Project("{8BC9CEB8-8B4A-11D0-8D11-00A0C91BC942}") = "1003", "1003\1003.vcxproj", "{4357E9CD-9797-4EAC-B53E-30300F5A7440}"
EndProject
Project("{8BC9CEB8-8B4A-11D0-8D11-00A0C91BC942}") = "11399", "11399\11399.vcxproj", "{5FEABD04-3B45-49BC-88EB-6C6D30CA85D8}"
EndProject
Project("{8BC9CEB8-8B4A-11D0-8D11-00A0C91BC942}") = "11047", "11047\11047.vcxproj", "{5DFD160D-191F-4233-BB84-BBA9C815EE82}"
EndProject
Project("{8BC9CEB8-8B4A-11D0-8D11-00A0C91BC942}") = "1676", "1676\1676.vcxproj", "{769F6890-0682-4F2E-936E-688C7DAD0346}"
EndProject
Project("{8BC9CEB8-8B4A-11D0-8D11-00A0C91BC942}") = "11723", "11723\11723.vcxproj", "{D601C619-A245-4AC9-9A3B-271ACD25D01A}"
EndProject
Project("{8BC9CEB8-8B4A-11D0-8D11-00A0C91BC942}") = "1620", "1620\1620.vcxproj", "{43774969-8894-4ECA-B906-7FF167BCD180}"
EndProject
Project("{8BC9CEB8-8B4A-11D0-8D11-00A0C91BC942}") = "1764", "1764\1764.vcxproj", "{A21F8B00-2FE1-4A2E-88AD-03BFA601D2F8}"
EndProject
Project("{8BC9CEB8-8B4A-11D0-8D11-00A0C91BC942}") = "17219", "17219\17219.vcxproj", "{1923B45C-F298-43C3-9BC3-80C087B5974A}"
EndProject
Project("{8BC9CEB8-8B4A-11D0-8D11-00A0C91BC942}") = "1463", "1463\1463.vcxproj", "{BDFE4B20-10BF-4D45-B36F-DD3CE5664BBE}"
EndProject
Project("{8BC9CEB8-8B4A-11D0-8D11-00A0C91BC942}") = "9095", "9095\9095.vcxproj", "{F4756946-B5ED-4202-9144-C0ACC85CEAB4}"
EndProject
Project("{8BC9CEB8-8B4A-11D0-8D11-00A0C91BC942}") = "11659", "11659\11659.vcxproj", "{D2623CBA-2669-40DB-A059-56921A8C232E}"
EndProject
Project("{8BC9CEB8-8B4A-11D0-8D11-00A0C91BC942}") = "2579", "2579\2579.vcxproj", "{850C1B6A-897B-4B79-8C3E-67C46639D042}"
EndProject
Project("{8BC9CEB8-8B4A-11D0-8D11-00A0C91BC942}") = "9375", "9375\9375.vcxproj", "{3CA91835-A42F-45FD-84F4-5FEB7F17BF48}"
EndProject
Project("{8BC9CEB8-8B4A-11D0-8D11-00A0C91BC942}") = "9461", "9461\9461.vcxproj", "{E1DAB499-5B48-4D90-BB7B-F4596B94061E}"
EndProject
Project("{8BC9CEB8-8B4A-11D0-8D11-00A0C91BC942}") = "11726", "11726\11726.vcxproj", "{A76E7B7D-FFCD-468D-BF63-140520E1DB10}"
EndProject
Project("{8BC9CEB8-8B4A-11D0-8D11-00A0C91BC942}") = "1064", "main\main.vcxproj", "{55283056-A238-4BD3-854B-46C644D9D740}"
EndProject
Project("{8BC9CEB8-8B4A-11D0-8D11-00A0C91BC942}") = "6986", "6968\6968.vcxproj", "{9CAFC3F1-A5D7-4BCA-8D76-06A918914A38}"
EndProject
Project("{8BC9CEB8-8B4A-11D0-8D11-00A0C91BC942}") = "1260", "1260\1260.vcxproj", "{BB474B49-1529-4861-94C2-806AE56E2F0A}"
EndProject
Project("{8BC9CEB8-8B4A-11D0-8D11-00A0C91BC942}") = "1012", "1012\1012.vcxproj", "{87C353DA-A0BD-4A7A-9F61-DDE1F349922E}"
EndProject
Project("{8BC9CEB8-8B4A-11D0-8D11-00A0C91BC942}") = "1920", "1920\1920.vcxproj", "{0E2000A4-8417-429B-9F9D-20A2A946B1DA}"
EndProject
Project("{8BC9CEB8-8B4A-11D0-8D11-00A0C91BC942}") = "2606", "2606\2606.vcxproj", "{2CA8F965-EA94-4B77-A4E0-6672C214CBA2}"
EndProject
Project("{8BC9CEB8-8B4A-11D0-8D11-00A0C91BC942}") = "11727", "11727\11727.vcxproj", "{71C554D4-1A36-4E0E-91F9-C85D958E150F}"
EndProject
Project("{8BC9CEB8-8B4A-11D0-8D11-00A0C91BC942}") = "10845", "10845\10845.vcxproj", "{4756D8E5-2683-47DF-9362-63A4706B16FA}"
EndProject
Project("{8BC9CEB8-8B4A-11D0-8D11-00A0C91BC942}") = "1927", "1927\1927.vcxproj", "{E7E5C81A-1044-4F71-9B7D-B6C416F480BD}"
EndProject
Project("{8BC9CEB8-8B4A-11D0-8D11-00A0C91BC942}") = "11279", "11279\11279.vcxproj", "{FF07BB63-6E39-458D-BBAF-ED61DABDD05C}"
EndProject
Project("{8BC9CEB8-8B4A-11D0-8D11-00A0C91BC942}") = "2630", "2630\2630.vcxproj", "{E4C988F1-0A3D-4812-981E-D39067A50B58}"
EndProject
Project("{8BC9CEB8-8B4A-11D0-8D11-00A0C91BC942}") = "25193", "25193\25193.vcxproj", "{EF2A74D1-EEBA-444F-95DB-BD0730CADA84}"
EndProject
Project("{8BC9CEB8-8B4A-11D0-8D11-00A0C91BC942}") = "15724", "15724\15724.vcxproj", "{F0C45CED-4E88-4FD0-A5BF-2EBB21102527}"
EndProject
Project("{8BC9CEB8-8B4A-11D0-8D11-00A0C91BC942}") = "11724", "11724\11724.vcxproj", "{7E53C0E6-C523-4A64-BFCC-4DDFB7F60F21}"
EndProject
Project("{8BC9CEB8-8B4A-11D0-8D11-00A0C91BC942}") = "1697", "1697\1697.vcxproj", "{ADA82C69-8865-4A28-A1F7-B0AD0E58A8B8}"
EndProject
Global
	GlobalSection(SolutionConfigurationPlatforms) = preSolution
		Debug|x64 = Debug|x64
		Debug|x86 = Debug|x86
		Release|x64 = Release|x64
		Release|x86 = Release|x86
	EndGlobalSection
	GlobalSection(ProjectConfigurationPlatforms) = postSolution
		{B5A684FB-E031-4BF9-AA47-54F53B0C7F84}.Debug|x64.ActiveCfg = Debug|x64
		{B5A684FB-E031-4BF9-AA47-54F53B0C7F84}.Debug|x64.Build.0 = Debug|x64
		{B5A684FB-E031-4BF9-AA47-54F53B0C7F84}.Debug|x86.ActiveCfg = Debug|Win32
		{B5A684FB-E031-4BF9-AA47-54F53B0C7F84}.Debug|x86.Build.0 = Debug|Win32
		{B5A684FB-E031-4BF9-AA47-54F53B0C7F84}.Release|x64.ActiveCfg = Release|x64
		{B5A684FB-E031-4BF9-AA47-54F53B0C7F84}.Release|x64.Build.0 = Release|x64
		{B5A684FB-E031-4BF9-AA47-54F53B0C7F84}.Release|x86.ActiveCfg = Release|Win32
		{B5A684FB-E031-4BF9-AA47-54F53B0C7F84}.Release|x86.Build.0 = Release|Win32
		{6A185730-A8BB-4FE0-87A4-AB68E5683DE8}.Debug|x64.ActiveCfg = Debug|x64
		{6A185730-A8BB-4FE0-87A4-AB68E5683DE8}.Debug|x64.Build.0 = Debug|x64
		{6A185730-A8BB-4FE0-87A4-AB68E5683DE8}.Debug|x86.ActiveCfg = Debug|Win32
		{6A185730-A8BB-4FE0-87A4-AB68E5683DE8}.Debug|x86.Build.0 = Debug|Win32
		{6A185730-A8BB-4FE0-87A4-AB68E5683DE8}.Release|x64.ActiveCfg = Release|x64
		{6A185730-A8BB-4FE0-87A4-AB68E5683DE8}.Release|x64.Build.0 = Release|x64
		{6A185730-A8BB-4FE0-87A4-AB68E5683DE8}.Release|x86.ActiveCfg = Release|Win32
		{6A185730-A8BB-4FE0-87A4-AB68E5683DE8}.Release|x86.Build.0 = Release|Win32
		{BEABE0AA-868D-443B-8E94-9A81E332F426}.Debug|x64.ActiveCfg = Debug|x64
		{BEABE0AA-868D-443B-8E94-9A81E332F426}.Debug|x64.Build.0 = Debug|x64
		{BEABE0AA-868D-443B-8E94-9A81E332F426}.Debug|x86.ActiveCfg = Debug|Win32
		{BEABE0AA-868D-443B-8E94-9A81E332F426}.Debug|x86.Build.0 = Debug|Win32
		{BEABE0AA-868D-443B-8E94-9A81E332F426}.Release|x64.ActiveCfg = Release|x64
		{BEABE0AA-868D-443B-8E94-9A81E332F426}.Release|x64.Build.0 = Release|x64
		{BEABE0AA-868D-443B-8E94-9A81E332F426}.Release|x86.ActiveCfg = Release|Win32
		{BEABE0AA-868D-443B-8E94-9A81E332F426}.Release|x86.Build.0 = Release|Win32
		{1080E3D4-7A62-4551-9E36-91E099E827FB}.Debug|x64.ActiveCfg = Debug|x64
		{1080E3D4-7A62-4551-9E36-91E099E827FB}.Debug|x64.Build.0 = Debug|x64
		{1080E3D4-7A62-4551-9E36-91E099E827FB}.Debug|x86.ActiveCfg = Debug|Win32
		{1080E3D4-7A62-4551-9E36-91E099E827FB}.Debug|x86.Build.0 = Debug|Win32
		{1080E3D4-7A62-4551-9E36-91E099E827FB}.Release|x64.ActiveCfg = Release|x64
		{1080E3D4-7A62-4551-9E36-91E099E827FB}.Release|x64.Build.0 = Release|x64
		{1080E3D4-7A62-4551-9E36-91E099E827FB}.Release|x86.ActiveCfg = Release|Win32
		{1080E3D4-7A62-4551-9E36-91E099E827FB}.Release|x86.Build.0 = Release|Win32
		{AC3C9C17-0DA1-4EA8-878F-D6F84B050BB7}.Debug|x64.ActiveCfg = Debug|x64
		{AC3C9C17-0DA1-4EA8-878F-D6F84B050BB7}.Debug|x64.Build.0 = Debug|x64
		{AC3C9C17-0DA1-4EA8-878F-D6F84B050BB7}.Debug|x86.ActiveCfg = Debug|Win32
		{AC3C9C17-0DA1-4EA8-878F-D6F84B050BB7}.Debug|x86.Build.0 = Debug|Win32
		{AC3C9C17-0DA1-4EA8-878F-D6F84B050BB7}.Release|x64.ActiveCfg = Release|x64
		{AC3C9C17-0DA1-4EA8-878F-D6F84B050BB7}.Release|x64.Build.0 = Release|x64
		{AC3C9C17-0DA1-4EA8-878F-D6F84B050BB7}.Release|x86.ActiveCfg = Release|Win32
		{AC3C9C17-0DA1-4EA8-878F-D6F84B050BB7}.Release|x86.Build.0 = Release|Win32
		{914C511D-41D6-4206-9E02-8C8077D8B846}.Debug|x64.ActiveCfg = Debug|x64
		{914C511D-41D6-4206-9E02-8C8077D8B846}.Debug|x64.Build.0 = Debug|x64
		{914C511D-41D6-4206-9E02-8C8077D8B846}.Debug|x86.ActiveCfg = Debug|Win32
		{914C511D-41D6-4206-9E02-8C8077D8B846}.Debug|x86.Build.0 = Debug|Win32
		{914C511D-41D6-4206-9E02-8C8077D8B846}.Release|x64.ActiveCfg = Release|x64
		{914C511D-41D6-4206-9E02-8C8077D8B846}.Release|x64.Build.0 = Release|x64
		{914C511D-41D6-4206-9E02-8C8077D8B846}.Release|x86.ActiveCfg = Release|Win32
		{914C511D-41D6-4206-9E02-8C8077D8B846}.Release|x86.Build.0 = Release|Win32
		{2F73413D-9741-4F72-AA60-157F30D34DB2}.Debug|x64.ActiveCfg = Debug|x64
		{2F73413D-9741-4F72-AA60-157F30D34DB2}.Debug|x64.Build.0 = Debug|x64
		{2F73413D-9741-4F72-AA60-157F30D34DB2}.Debug|x86.ActiveCfg = Debug|Win32
		{2F73413D-9741-4F72-AA60-157F30D34DB2}.Debug|x86.Build.0 = Debug|Win32
		{2F73413D-9741-4F72-AA60-157F30D34DB2}.Release|x64.ActiveCfg = Release|x64
		{2F73413D-9741-4F72-AA60-157F30D34DB2}.Release|x64.Build.0 = Release|x64
		{2F73413D-9741-4F72-AA60-157F30D34DB2}.Release|x86.ActiveCfg = Release|Win32
		{2F73413D-9741-4F72-AA60-157F30D34DB2}.Release|x86.Build.0 = Release|Win32
		{A666CA15-0D69-4F4E-9183-79608F2DED1B}.Debug|x64.ActiveCfg = Debug|x64
		{A666CA15-0D69-4F4E-9183-79608F2DED1B}.Debug|x64.Build.0 = Debug|x64
		{A666CA15-0D69-4F4E-9183-79608F2DED1B}.Debug|x86.ActiveCfg = Debug|Win32
		{A666CA15-0D69-4F4E-9183-79608F2DED1B}.Debug|x86.Build.0 = Debug|Win32
		{A666CA15-0D69-4F4E-9183-79608F2DED1B}.Release|x64.ActiveCfg = Release|x64
		{A666CA15-0D69-4F4E-9183-79608F2DED1B}.Release|x64.Build.0 = Release|x64
		{A666CA15-0D69-4F4E-9183-79608F2DED1B}.Release|x86.ActiveCfg = Release|Win32
		{A666CA15-0D69-4F4E-9183-79608F2DED1B}.Release|x86.Build.0 = Release|Win32
		{0834B57C-FF6B-4AA5-BFAC-7B9BD65A8E6A}.Debug|x64.ActiveCfg = Debug|x64
		{0834B57C-FF6B-4AA5-BFAC-7B9BD65A8E6A}.Debug|x64.Build.0 = Debug|x64
		{0834B57C-FF6B-4AA5-BFAC-7B9BD65A8E6A}.Debug|x86.ActiveCfg = Debug|Win32
		{0834B57C-FF6B-4AA5-BFAC-7B9BD65A8E6A}.Debug|x86.Build.0 = Debug|Win32
		{0834B57C-FF6B-4AA5-BFAC-7B9BD65A8E6A}.Release|x64.ActiveCfg = Release|x64
		{0834B57C-FF6B-4AA5-BFAC-7B9BD65A8E6A}.Release|x64.Build.0 = Release|x64
		{0834B57C-FF6B-4AA5-BFAC-7B9BD65A8E6A}.Release|x86.ActiveCfg = Release|Win32
		{0834B57C-FF6B-4AA5-BFAC-7B9BD65A8E6A}.Release|x86.Build.0 = Release|Win32
		{83081746-895B-4364-BE13-0C4D9A53A333}.Debug|x64.ActiveCfg = Debug|x64
		{83081746-895B-4364-BE13-0C4D9A53A333}.Debug|x64.Build.0 = Debug|x64
		{83081746-895B-4364-BE13-0C4D9A53A333}.Debug|x86.ActiveCfg = Debug|Win32
		{83081746-895B-4364-BE13-0C4D9A53A333}.Debug|x86.Build.0 = Debug|Win32
		{83081746-895B-4364-BE13-0C4D9A53A333}.Release|x64.ActiveCfg = Release|x64
		{83081746-895B-4364-BE13-0C4D9A53A333}.Release|x64.Build.0 = Release|x64
		{83081746-895B-4364-BE13-0C4D9A53A333}.Release|x86.ActiveCfg = Release|Win32
		{83081746-895B-4364-BE13-0C4D9A53A333}.Release|x86.Build.0 = Release|Win32
		{4DEFF5E9-0CE8-4D20-B3FF-F83BB8A14D72}.Debug|x64.ActiveCfg = Debug|x64
		{4DEFF5E9-0CE8-4D20-B3FF-F83BB8A14D72}.Debug|x64.Build.0 = Debug|x64
		{4DEFF5E9-0CE8-4D20-B3FF-F83BB8A14D72}.Debug|x86.ActiveCfg = Debug|Win32
		{4DEFF5E9-0CE8-4D20-B3FF-F83BB8A14D72}.Debug|x86.Build.0 = Debug|Win32
		{4DEFF5E9-0CE8-4D20-B3FF-F83BB8A14D72}.Release|x64.ActiveCfg = Release|x64
		{4DEFF5E9-0CE8-4D20-B3FF-F83BB8A14D72}.Release|x64.Build.0 = Release|x64
		{4DEFF5E9-0CE8-4D20-B3FF-F83BB8A14D72}.Release|x86.ActiveCfg = Release|Win32
		{4DEFF5E9-0CE8-4D20-B3FF-F83BB8A14D72}.Release|x86.Build.0 = Release|Win32
		{8D0D3F4F-D063-497E-9EF7-430AE3FE8370}.Debug|x64.ActiveCfg = Debug|x64
		{8D0D3F4F-D063-497E-9EF7-430AE3FE8370}.Debug|x64.Build.0 = Debug|x64
		{8D0D3F4F-D063-497E-9EF7-430AE3FE8370}.Debug|x86.ActiveCfg = Debug|Win32
		{8D0D3F4F-D063-497E-9EF7-430AE3FE8370}.Debug|x86.Build.0 = Debug|Win32
		{8D0D3F4F-D063-497E-9EF7-430AE3FE8370}.Release|x64.ActiveCfg = Release|x64
		{8D0D3F4F-D063-497E-9EF7-430AE3FE8370}.Release|x64.Build.0 = Release|x64
		{8D0D3F4F-D063-497E-9EF7-430AE3FE8370}.Release|x86.ActiveCfg = Release|Win32
		{8D0D3F4F-D063-497E-9EF7-430AE3FE8370}.Release|x86.Build.0 = Release|Win32
		{8B7B007E-64A1-4B64-94F2-970188C455F6}.Debug|x64.ActiveCfg = Debug|x64
		{8B7B007E-64A1-4B64-94F2-970188C455F6}.Debug|x64.Build.0 = Debug|x64
		{8B7B007E-64A1-4B64-94F2-970188C455F6}.Debug|x86.ActiveCfg = Debug|Win32
		{8B7B007E-64A1-4B64-94F2-970188C455F6}.Debug|x86.Build.0 = Debug|Win32
		{8B7B007E-64A1-4B64-94F2-970188C455F6}.Release|x64.ActiveCfg = Release|x64
		{8B7B007E-64A1-4B64-94F2-970188C455F6}.Release|x64.Build.0 = Release|x64
		{8B7B007E-64A1-4B64-94F2-970188C455F6}.Release|x86.ActiveCfg = Release|Win32
		{8B7B007E-64A1-4B64-94F2-970188C455F6}.Release|x86.Build.0 = Release|Win32
		{DD770761-0AE9-4833-A01B-964920F59764}.Debug|x64.ActiveCfg = Debug|x64
		{DD770761-0AE9-4833-A01B-964920F59764}.Debug|x64.Build.0 = Debug|x64
		{DD770761-0AE9-4833-A01B-964920F59764}.Debug|x86.ActiveCfg = Debug|Win32
		{DD770761-0AE9-4833-A01B-964920F59764}.Debug|x86.Build.0 = Debug|Win32
		{DD770761-0AE9-4833-A01B-964920F59764}.Release|x64.ActiveCfg = Release|x64
		{DD770761-0AE9-4833-A01B-964920F59764}.Release|x64.Build.0 = Release|x64
		{DD770761-0AE9-4833-A01B-964920F59764}.Release|x86.ActiveCfg = Release|Win32
		{DD770761-0AE9-4833-A01B-964920F59764}.Release|x86.Build.0 = Release|Win32
		{E336ED0D-4F18-4810-96FC-8D41418FC9F6}.Debug|x64.ActiveCfg = Debug|x64
		{E336ED0D-4F18-4810-96FC-8D41418FC9F6}.Debug|x64.Build.0 = Debug|x64
		{E336ED0D-4F18-4810-96FC-8D41418FC9F6}.Debug|x86.ActiveCfg = Debug|Win32
		{E336ED0D-4F18-4810-96FC-8D41418FC9F6}.Debug|x86.Build.0 = Debug|Win32
		{E336ED0D-4F18-4810-96FC-8D41418FC9F6}.Release|x64.ActiveCfg = Release|x64
		{E336ED0D-4F18-4810-96FC-8D41418FC9F6}.Release|x64.Build.0 = Release|x64
		{E336ED0D-4F18-4810-96FC-8D41418FC9F6}.Release|x86.ActiveCfg = Release|Win32
		{E336ED0D-4F18-4810-96FC-8D41418FC9F6}.Release|x86.Build.0 = Release|Win32
		{C1F23D9E-39F3-40DB-BF37-BFCDB811827A}.Debug|x64.ActiveCfg = Debug|x64
		{C1F23D9E-39F3-40DB-BF37-BFCDB811827A}.Debug|x64.Build.0 = Debug|x64
		{C1F23D9E-39F3-40DB-BF37-BFCDB811827A}.Debug|x86.ActiveCfg = Debug|Win32
		{C1F23D9E-39F3-40DB-BF37-BFCDB811827A}.Debug|x86.Build.0 = Debug|Win32
		{C1F23D9E-39F3-40DB-BF37-BFCDB811827A}.Release|x64.ActiveCfg = Release|x64
		{C1F23D9E-39F3-40DB-BF37-BFCDB811827A}.Release|x64.Build.0 = Release|x64
		{C1F23D9E-39F3-40DB-BF37-BFCDB811827A}.Release|x86.ActiveCfg = Release|Win32
		{C1F23D9E-39F3-40DB-BF37-BFCDB811827A}.Release|x86.Build.0 = Release|Win32
		{06E4D4BC-78B1-45A7-A8AD-154C7E152B32}.Debug|x64.ActiveCfg = Debug|x64
		{06E4D4BC-78B1-45A7-A8AD-154C7E152B32}.Debug|x64.Build.0 = Debug|x64
		{06E4D4BC-78B1-45A7-A8AD-154C7E152B32}.Debug|x86.ActiveCfg = Debug|Win32
		{06E4D4BC-78B1-45A7-A8AD-154C7E152B32}.Debug|x86.Build.0 = Debug|Win32
		{06E4D4BC-78B1-45A7-A8AD-154C7E152B32}.Release|x64.ActiveCfg = Release|x64
		{06E4D4BC-78B1-45A7-A8AD-154C7E152B32}.Release|x64.Build.0 = Release|x64
		{06E4D4BC-78B1-45A7-A8AD-154C7E152B32}.Release|x86.ActiveCfg = Release|Win32
		{06E4D4BC-78B1-45A7-A8AD-154C7E152B32}.Release|x86.Build.0 = Release|Win32
		{ADC70A5C-B89E-48E8-91F9-CD82539F386F}.Debug|x64.ActiveCfg = Debug|x64
		{ADC70A5C-B89E-48E8-91F9-CD82539F386F}.Debug|x64.Build.0 = Debug|x64
		{ADC70A5C-B89E-48E8-91F9-CD82539F386F}.Debug|x86.ActiveCfg = Debug|Win32
		{ADC70A5C-B89E-48E8-91F9-CD82539F386F}.Debug|x86.Build.0 = Debug|Win32
		{ADC70A5C-B89E-48E8-91F9-CD82539F386F}.Release|x64.ActiveCfg = Release|x64
		{ADC70A5C-B89E-48E8-91F9-CD82539F386F}.Release|x64.Build.0 = Release|x64
		{ADC70A5C-B89E-48E8-91F9-CD82539F386F}.Release|x86.ActiveCfg = Release|Win32
		{ADC70A5C-B89E-48E8-91F9-CD82539F386F}.Release|x86.Build.0 = Release|Win32
		{D72A50F4-3A20-40BD-B50D-41DD7E8E4834}.Debug|x64.ActiveCfg = Debug|x64
		{D72A50F4-3A20-40BD-B50D-41DD7E8E4834}.Debug|x64.Build.0 = Debug|x64
		{D72A50F4-3A20-40BD-B50D-41DD7E8E4834}.Debug|x86.ActiveCfg = Debug|Win32
		{D72A50F4-3A20-40BD-B50D-41DD7E8E4834}.Debug|x86.Build.0 = Debug|Win32
		{D72A50F4-3A20-40BD-B50D-41DD7E8E4834}.Release|x64.ActiveCfg = Release|x64
		{D72A50F4-3A20-40BD-B50D-41DD7E8E4834}.Release|x64.Build.0 = Release|x64
		{D72A50F4-3A20-40BD-B50D-41DD7E8E4834}.Release|x86.ActiveCfg = Release|Win32
		{D72A50F4-3A20-40BD-B50D-41DD7E8E4834}.Release|x86.Build.0 = Release|Win32
		{1C4C5FC5-32BA-415F-A1A9-88FE4D0BD296}.Debug|x64.ActiveCfg = Debug|x64
		{1C4C5FC5-32BA-415F-A1A9-88FE4D0BD296}.Debug|x64.Build.0 = Debug|x64
		{1C4C5FC5-32BA-415F-A1A9-88FE4D0BD296}.Debug|x86.ActiveCfg = Debug|Win32
		{1C4C5FC5-32BA-415F-A1A9-88FE4D0BD296}.Debug|x86.Build.0 = Debug|Win32
		{1C4C5FC5-32BA-415F-A1A9-88FE4D0BD296}.Release|x64.ActiveCfg = Release|x64
		{1C4C5FC5-32BA-415F-A1A9-88FE4D0BD296}.Release|x64.Build.0 = Release|x64
		{1C4C5FC5-32BA-415F-A1A9-88FE4D0BD296}.Release|x86.ActiveCfg = Release|Win32
		{1C4C5FC5-32BA-415F-A1A9-88FE4D0BD296}.Release|x86.Build.0 = Release|Win32
		{54E0A2B2-FDF8-4E2A-A046-502AFE85C1B5}.Debug|x64.ActiveCfg = Debug|x64
		{54E0A2B2-FDF8-4E2A-A046-502AFE85C1B5}.Debug|x64.Build.0 = Debug|x64
		{54E0A2B2-FDF8-4E2A-A046-502AFE85C1B5}.Debug|x86.ActiveCfg = Debug|Win32
		{54E0A2B2-FDF8-4E2A-A046-502AFE85C1B5}.Debug|x86.Build.0 = Debug|Win32
		{54E0A2B2-FDF8-4E2A-A046-502AFE85C1B5}.Release|x64.ActiveCfg = Release|x64
		{54E0A2B2-FDF8-4E2A-A046-502AFE85C1B5}.Release|x64.Build.0 = Release|x64
		{54E0A2B2-FDF8-4E2A-A046-502AFE85C1B5}.Release|x86.ActiveCfg = Release|Win32
		{54E0A2B2-FDF8-4E2A-A046-502AFE85C1B5}.Release|x86.Build.0 = Release|Win32
		{AFDED08C-AC89-4123-9449-C4E89C3446B5}.Debug|x64.ActiveCfg = Debug|x64
		{AFDED08C-AC89-4123-9449-C4E89C3446B5}.Debug|x64.Build.0 = Debug|x64
		{AFDED08C-AC89-4123-9449-C4E89C3446B5}.Debug|x86.ActiveCfg = Debug|Win32
		{AFDED08C-AC89-4123-9449-C4E89C3446B5}.Debug|x86.Build.0 = Debug|Win32
		{AFDED08C-AC89-4123-9449-C4E89C3446B5}.Release|x64.ActiveCfg = Release|x64
		{AFDED08C-AC89-4123-9449-C4E89C3446B5}.Release|x64.Build.0 = Release|x64
		{AFDED08C-AC89-4123-9449-C4E89C3446B5}.Release|x86.ActiveCfg = Release|Win32
		{AFDED08C-AC89-4123-9449-C4E89C3446B5}.Release|x86.Build.0 = Release|Win32
		{2FFB491A-6EB7-4D71-B50A-2A99D1FDD792}.Debug|x64.ActiveCfg = Debug|x64
		{2FFB491A-6EB7-4D71-B50A-2A99D1FDD792}.Debug|x64.Build.0 = Debug|x64
		{2FFB491A-6EB7-4D71-B50A-2A99D1FDD792}.Debug|x86.ActiveCfg = Debug|Win32
		{2FFB491A-6EB7-4D71-B50A-2A99D1FDD792}.Debug|x86.Build.0 = Debug|Win32
		{2FFB491A-6EB7-4D71-B50A-2A99D1FDD792}.Release|x64.ActiveCfg = Release|x64
		{2FFB491A-6EB7-4D71-B50A-2A99D1FDD792}.Release|x64.Build.0 = Release|x64
		{2FFB491A-6EB7-4D71-B50A-2A99D1FDD792}.Release|x86.ActiveCfg = Release|Win32
		{2FFB491A-6EB7-4D71-B50A-2A99D1FDD792}.Release|x86.Build.0 = Release|Win32
		{15D2B3EE-36E9-4ABD-ACC9-941141F81D23}.Debug|x64.ActiveCfg = Debug|x64
		{15D2B3EE-36E9-4ABD-ACC9-941141F81D23}.Debug|x64.Build.0 = Debug|x64
		{15D2B3EE-36E9-4ABD-ACC9-941141F81D23}.Debug|x86.ActiveCfg = Debug|Win32
		{15D2B3EE-36E9-4ABD-ACC9-941141F81D23}.Debug|x86.Build.0 = Debug|Win32
		{15D2B3EE-36E9-4ABD-ACC9-941141F81D23}.Release|x64.ActiveCfg = Release|x64
		{15D2B3EE-36E9-4ABD-ACC9-941141F81D23}.Release|x64.Build.0 = Release|x64
		{15D2B3EE-36E9-4ABD-ACC9-941141F81D23}.Release|x86.ActiveCfg = Release|Win32
		{15D2B3EE-36E9-4ABD-ACC9-941141F81D23}.Release|x86.Build.0 = Release|Win32
		{4357E9CD-9797-4EAC-B53E-30300F5A7440}.Debug|x64.ActiveCfg = Debug|x64
		{4357E9CD-9797-4EAC-B53E-30300F5A7440}.Debug|x64.Build.0 = Debug|x64
		{4357E9CD-9797-4EAC-B53E-30300F5A7440}.Debug|x86.ActiveCfg = Debug|Win32
		{4357E9CD-9797-4EAC-B53E-30300F5A7440}.Debug|x86.Build.0 = Debug|Win32
		{4357E9CD-9797-4EAC-B53E-30300F5A7440}.Release|x64.ActiveCfg = Release|x64
		{4357E9CD-9797-4EAC-B53E-30300F5A7440}.Release|x64.Build.0 = Release|x64
		{4357E9CD-9797-4EAC-B53E-30300F5A7440}.Release|x86.ActiveCfg = Release|Win32
		{4357E9CD-9797-4EAC-B53E-30300F5A7440}.Release|x86.Build.0 = Release|Win32
		{5FEABD04-3B45-49BC-88EB-6C6D30CA85D8}.Debug|x64.ActiveCfg = Debug|x64
		{5FEABD04-3B45-49BC-88EB-6C6D30CA85D8}.Debug|x64.Build.0 = Debug|x64
		{5FEABD04-3B45-49BC-88EB-6C6D30CA85D8}.Debug|x86.ActiveCfg = Debug|Win32
		{5FEABD04-3B45-49BC-88EB-6C6D30CA85D8}.Debug|x86.Build.0 = Debug|Win32
		{5FEABD04-3B45-49BC-88EB-6C6D30CA85D8}.Release|x64.ActiveCfg = Release|x64
		{5FEABD04-3B45-49BC-88EB-6C6D30CA85D8}.Release|x64.Build.0 = Release|x64
		{5FEABD04-3B45-49BC-88EB-6C6D30CA85D8}.Release|x86.ActiveCfg = Release|Win32
		{5FEABD04-3B45-49BC-88EB-6C6D30CA85D8}.Release|x86.Build.0 = Release|Win32
		{5DFD160D-191F-4233-BB84-BBA9C815EE82}.Debug|x64.ActiveCfg = Debug|x64
		{5DFD160D-191F-4233-BB84-BBA9C815EE82}.Debug|x64.Build.0 = Debug|x64
		{5DFD160D-191F-4233-BB84-BBA9C815EE82}.Debug|x86.ActiveCfg = Debug|Win32
		{5DFD160D-191F-4233-BB84-BBA9C815EE82}.Debug|x86.Build.0 = Debug|Win32
		{5DFD160D-191F-4233-BB84-BBA9C815EE82}.Release|x64.ActiveCfg = Release|x64
		{5DFD160D-191F-4233-BB84-BBA9C815EE82}.Release|x64.Build.0 = Release|x64
		{5DFD160D-191F-4233-BB84-BBA9C815EE82}.Release|x86.ActiveCfg = Release|Win32
		{5DFD160D-191F-4233-BB84-BBA9C815EE82}.Release|x86.Build.0 = Release|Win32
		{769F6890-0682-4F2E-936E-688C7DAD0346}.Debug|x64.ActiveCfg = Debug|x64
		{769F6890-0682-4F2E-936E-688C7DAD0346}.Debug|x64.Build.0 = Debug|x64
		{769F6890-0682-4F2E-936E-688C7DAD0346}.Debug|x86.ActiveCfg = Debug|Win32
		{769F6890-0682-4F2E-936E-688C7DAD0346}.Debug|x86.Build.0 = Debug|Win32
		{769F6890-0682-4F2E-936E-688C7DAD0346}.Release|x64.ActiveCfg = Release|x64
		{769F6890-0682-4F2E-936E-688C7DAD0346}.Release|x64.Build.0 = Release|x64
		{769F6890-0682-4F2E-936E-688C7DAD0346}.Release|x86.ActiveCfg = Release|Win32
		{769F6890-0682-4F2E-936E-688C7DAD0346}.Release|x86.Build.0 = Release|Win32
		{D601C619-A245-4AC9-9A3B-271ACD25D01A}.Debug|x64.ActiveCfg = Debug|x64
		{D601C619-A245-4AC9-9A3B-271ACD25D01A}.Debug|x64.Build.0 = Debug|x64
		{D601C619-A245-4AC9-9A3B-271ACD25D01A}.Debug|x86.ActiveCfg = Debug|Win32
		{D601C619-A245-4AC9-9A3B-271ACD25D01A}.Debug|x86.Build.0 = Debug|Win32
		{D601C619-A245-4AC9-9A3B-271ACD25D01A}.Release|x64.ActiveCfg = Release|x64
		{D601C619-A245-4AC9-9A3B-271ACD25D01A}.Release|x64.Build.0 = Release|x64
		{D601C619-A245-4AC9-9A3B-271ACD25D01A}.Release|x86.ActiveCfg = Release|Win32
		{D601C619-A245-4AC9-9A3B-271ACD25D01A}.Release|x86.Build.0 = Release|Win32
		{43774969-8894-4ECA-B906-7FF167BCD180}.Debug|x64.ActiveCfg = Debug|x64
		{43774969-8894-4ECA-B906-7FF167BCD180}.Debug|x64.Build.0 = Debug|x64
		{43774969-8894-4ECA-B906-7FF167BCD180}.Debug|x86.ActiveCfg = Debug|Win32
		{43774969-8894-4ECA-B906-7FF167BCD180}.Debug|x86.Build.0 = Debug|Win32
		{43774969-8894-4ECA-B906-7FF167BCD180}.Release|x64.ActiveCfg = Release|x64
		{43774969-8894-4ECA-B906-7FF167BCD180}.Release|x64.Build.0 = Release|x64
		{43774969-8894-4ECA-B906-7FF167BCD180}.Release|x86.ActiveCfg = Release|Win32
		{43774969-8894-4ECA-B906-7FF167BCD180}.Release|x86.Build.0 = Release|Win32
		{A21F8B00-2FE1-4A2E-88AD-03BFA601D2F8}.Debug|x64.ActiveCfg = Debug|x64
		{A21F8B00-2FE1-4A2E-88AD-03BFA601D2F8}.Debug|x64.Build.0 = Debug|x64
		{A21F8B00-2FE1-4A2E-88AD-03BFA601D2F8}.Debug|x86.ActiveCfg = Debug|Win32
		{A21F8B00-2FE1-4A2E-88AD-03BFA601D2F8}.Debug|x86.Build.0 = Debug|Win32
		{A21F8B00-2FE1-4A2E-88AD-03BFA601D2F8}.Release|x64.ActiveCfg = Release|x64
		{A21F8B00-2FE1-4A2E-88AD-03BFA601D2F8}.Release|x64.Build.0 = Release|x64
		{A21F8B00-2FE1-4A2E-88AD-03BFA601D2F8}.Release|x86.ActiveCfg = Release|Win32
		{A21F8B00-2FE1-4A2E-88AD-03BFA601D2F8}.Release|x86.Build.0 = Release|Win32
		{1923B45C-F298-43C3-9BC3-80C087B5974A}.Debug|x64.ActiveCfg = Debug|x64
		{1923B45C-F298-43C3-9BC3-80C087B5974A}.Debug|x64.Build.0 = Debug|x64
		{1923B45C-F298-43C3-9BC3-80C087B5974A}.Debug|x86.ActiveCfg = Debug|Win32
		{1923B45C-F298-43C3-9BC3-80C087B5974A}.Debug|x86.Build.0 = Debug|Win32
		{1923B45C-F298-43C3-9BC3-80C087B5974A}.Release|x64.ActiveCfg = Release|x64
		{1923B45C-F298-43C3-9BC3-80C087B5974A}.Release|x64.Build.0 = Release|x64
		{1923B45C-F298-43C3-9BC3-80C087B5974A}.Release|x86.ActiveCfg = Release|Win32
		{1923B45C-F298-43C3-9BC3-80C087B5974A}.Release|x86.Build.0 = Release|Win32
		{BDFE4B20-10BF-4D45-B36F-DD3CE5664BBE}.Debug|x64.ActiveCfg = Debug|x64
		{BDFE4B20-10BF-4D45-B36F-DD3CE5664BBE}.Debug|x64.Build.0 = Debug|x64
		{BDFE4B20-10BF-4D45-B36F-DD3CE5664BBE}.Debug|x86.ActiveCfg = Debug|Win32
		{BDFE4B20-10BF-4D45-B36F-DD3CE5664BBE}.Debug|x86.Build.0 = Debug|Win32
		{BDFE4B20-10BF-4D45-B36F-DD3CE5664BBE}.Release|x64.ActiveCfg = Release|x64
		{BDFE4B20-10BF-4D45-B36F-DD3CE5664BBE}.Release|x64.Build.0 = Release|x64
		{BDFE4B20-10BF-4D45-B36F-DD3CE5664BBE}.Release|x86.ActiveCfg = Release|Win32
		{BDFE4B20-10BF-4D45-B36F-DD3CE5664BBE}.Release|x86.Build.0 = Release|Win32
		{F4756946-B5ED-4202-9144-C0ACC85CEAB4}.Debug|x64.ActiveCfg = Debug|x64
		{F4756946-B5ED-4202-9144-C0ACC85CEAB4}.Debug|x64.Build.0 = Debug|x64
		{F4756946-B5ED-4202-9144-C0ACC85CEAB4}.Debug|x86.ActiveCfg = Debug|Win32
		{F4756946-B5ED-4202-9144-C0ACC85CEAB4}.Debug|x86.Build.0 = Debug|Win32
		{F4756946-B5ED-4202-9144-C0ACC85CEAB4}.Release|x64.ActiveCfg = Release|x64
		{F4756946-B5ED-4202-9144-C0ACC85CEAB4}.Release|x64.Build.0 = Release|x64
		{F4756946-B5ED-4202-9144-C0ACC85CEAB4}.Release|x86.ActiveCfg = Release|Win32
		{F4756946-B5ED-4202-9144-C0ACC85CEAB4}.Release|x86.Build.0 = Release|Win32
		{D2623CBA-2669-40DB-A059-56921A8C232E}.Debug|x64.ActiveCfg = Debug|x64
		{D2623CBA-2669-40DB-A059-56921A8C232E}.Debug|x64.Build.0 = Debug|x64
		{D2623CBA-2669-40DB-A059-56921A8C232E}.Debug|x86.ActiveCfg = Debug|Win32
		{D2623CBA-2669-40DB-A059-56921A8C232E}.Debug|x86.Build.0 = Debug|Win32
		{D2623CBA-2669-40DB-A059-56921A8C232E}.Release|x64.ActiveCfg = Release|x64
		{D2623CBA-2669-40DB-A059-56921A8C232E}.Release|x64.Build.0 = Release|x64
		{D2623CBA-2669-40DB-A059-56921A8C232E}.Release|x86.ActiveCfg = Release|Win32
		{D2623CBA-2669-40DB-A059-56921A8C232E}.Release|x86.Build.0 = Release|Win32
		{850C1B6A-897B-4B79-8C3E-67C46639D042}.Debug|x64.ActiveCfg = Debug|x64
		{850C1B6A-897B-4B79-8C3E-67C46639D042}.Debug|x64.Build.0 = Debug|x64
		{850C1B6A-897B-4B79-8C3E-67C46639D042}.Debug|x86.ActiveCfg = Debug|Win32
		{850C1B6A-897B-4B79-8C3E-67C46639D042}.Debug|x86.Build.0 = Debug|Win32
		{850C1B6A-897B-4B79-8C3E-67C46639D042}.Release|x64.ActiveCfg = Release|x64
		{850C1B6A-897B-4B79-8C3E-67C46639D042}.Release|x64.Build.0 = Release|x64
		{850C1B6A-897B-4B79-8C3E-67C46639D042}.Release|x86.ActiveCfg = Release|Win32
		{850C1B6A-897B-4B79-8C3E-67C46639D042}.Release|x86.Build.0 = Release|Win32
		{3CA91835-A42F-45FD-84F4-5FEB7F17BF48}.Debug|x64.ActiveCfg = Debug|x64
		{3CA91835-A42F-45FD-84F4-5FEB7F17BF48}.Debug|x64.Build.0 = Debug|x64
		{3CA91835-A42F-45FD-84F4-5FEB7F17BF48}.Debug|x86.ActiveCfg = Debug|Win32
		{3CA91835-A42F-45FD-84F4-5FEB7F17BF48}.Debug|x86.Build.0 = Debug|Win32
		{3CA91835-A42F-45FD-84F4-5FEB7F17BF48}.Release|x64.ActiveCfg = Release|x64
		{3CA91835-A42F-45FD-84F4-5FEB7F17BF48}.Release|x64.Build.0 = Release|x64
		{3CA91835-A42F-45FD-84F4-5FEB7F17BF48}.Release|x86.ActiveCfg = Release|Win32
		{3CA91835-A42F-45FD-84F4-5FEB7F17BF48}.Release|x86.Build.0 = Release|Win32
		{E1DAB499-5B48-4D90-BB7B-F4596B94061E}.Debug|x64.ActiveCfg = Debug|x64
		{E1DAB499-5B48-4D90-BB7B-F4596B94061E}.Debug|x64.Build.0 = Debug|x64
		{E1DAB499-5B48-4D90-BB7B-F4596B94061E}.Debug|x86.ActiveCfg = Debug|Win32
		{E1DAB499-5B48-4D90-BB7B-F4596B94061E}.Debug|x86.Build.0 = Debug|Win32
		{E1DAB499-5B48-4D90-BB7B-F4596B94061E}.Release|x64.ActiveCfg = Release|x64
		{E1DAB499-5B48-4D90-BB7B-F4596B94061E}.Release|x64.Build.0 = Release|x64
		{E1DAB499-5B48-4D90-BB7B-F4596B94061E}.Release|x86.ActiveCfg = Release|Win32
		{E1DAB499-5B48-4D90-BB7B-F4596B94061E}.Release|x86.Build.0 = Release|Win32
		{A76E7B7D-FFCD-468D-BF63-140520E1DB10}.Debug|x64.ActiveCfg = Debug|x64
		{A76E7B7D-FFCD-468D-BF63-140520E1DB10}.Debug|x64.Build.0 = Debug|x64
		{A76E7B7D-FFCD-468D-BF63-140520E1DB10}.Debug|x86.ActiveCfg = Debug|Win32
		{A76E7B7D-FFCD-468D-BF63-140520E1DB10}.Debug|x86.Build.0 = Debug|Win32
		{A76E7B7D-FFCD-468D-BF63-140520E1DB10}.Release|x64.ActiveCfg = Release|x64
		{A76E7B7D-FFCD-468D-BF63-140520E1DB10}.Release|x64.Build.0 = Release|x64
		{A76E7B7D-FFCD-468D-BF63-140520E1DB10}.Release|x86.ActiveCfg = Release|Win32
		{A76E7B7D-FFCD-468D-BF63-140520E1DB10}.Release|x86.Build.0 = Release|Win32
		{55283056-A238-4BD3-854B-46C644D9D740}.Debug|x64.ActiveCfg = Debug|x64
		{55283056-A238-4BD3-854B-46C644D9D740}.Debug|x64.Build.0 = Debug|x64
		{55283056-A238-4BD3-854B-46C644D9D740}.Debug|x86.ActiveCfg = Debug|Win32
		{55283056-A238-4BD3-854B-46C644D9D740}.Debug|x86.Build.0 = Debug|Win32
		{55283056-A238-4BD3-854B-46C644D9D740}.Release|x64.ActiveCfg = Release|x64
		{55283056-A238-4BD3-854B-46C644D9D740}.Release|x64.Build.0 = Release|x64
		{55283056-A238-4BD3-854B-46C644D9D740}.Release|x86.ActiveCfg = Release|Win32
		{55283056-A238-4BD3-854B-46C644D9D740}.Release|x86.Build.0 = Release|Win32
		{9CAFC3F1-A5D7-4BCA-8D76-06A918914A38}.Debug|x64.ActiveCfg = Debug|x64
		{9CAFC3F1-A5D7-4BCA-8D76-06A918914A38}.Debug|x64.Build.0 = Debug|x64
		{9CAFC3F1-A5D7-4BCA-8D76-06A918914A38}.Debug|x86.ActiveCfg = Debug|Win32
		{9CAFC3F1-A5D7-4BCA-8D76-06A918914A38}.Debug|x86.Build.0 = Debug|Win32
		{9CAFC3F1-A5D7-4BCA-8D76-06A918914A38}.Release|x64.ActiveCfg = Release|x64
		{9CAFC3F1-A5D7-4BCA-8D76-06A918914A38}.Release|x64.Build.0 = Release|x64
		{9CAFC3F1-A5D7-4BCA-8D76-06A918914A38}.Release|x86.ActiveCfg = Release|Win32
		{9CAFC3F1-A5D7-4BCA-8D76-06A918914A38}.Release|x86.Build.0 = Release|Win32
		{BB474B49-1529-4861-94C2-806AE56E2F0A}.Debug|x64.ActiveCfg = Debug|x64
		{BB474B49-1529-4861-94C2-806AE56E2F0A}.Debug|x64.Build.0 = Debug|x64
		{BB474B49-1529-4861-94C2-806AE56E2F0A}.Debug|x86.ActiveCfg = Debug|Win32
		{BB474B49-1529-4861-94C2-806AE56E2F0A}.Debug|x86.Build.0 = Debug|Win32
		{BB474B49-1529-4861-94C2-806AE56E2F0A}.Release|x64.ActiveCfg = Release|x64
		{BB474B49-1529-4861-94C2-806AE56E2F0A}.Release|x64.Build.0 = Release|x64
		{BB474B49-1529-4861-94C2-806AE56E2F0A}.Release|x86.ActiveCfg = Release|Win32
		{BB474B49-1529-4861-94C2-806AE56E2F0A}.Release|x86.Build.0 = Release|Win32
		{87C353DA-A0BD-4A7A-9F61-DDE1F349922E}.Debug|x64.ActiveCfg = Debug|x64
		{87C353DA-A0BD-4A7A-9F61-DDE1F349922E}.Debug|x64.Build.0 = Debug|x64
		{87C353DA-A0BD-4A7A-9F61-DDE1F349922E}.Debug|x86.ActiveCfg = Debug|Win32
		{87C353DA-A0BD-4A7A-9F61-DDE1F349922E}.Debug|x86.Build.0 = Debug|Win32
		{87C353DA-A0BD-4A7A-9F61-DDE1F349922E}.Release|x64.ActiveCfg = Release|x64
		{87C353DA-A0BD-4A7A-9F61-DDE1F349922E}.Release|x64.Build.0 = Release|x64
		{87C353DA-A0BD-4A7A-9F61-DDE1F349922E}.Release|x86.ActiveCfg = Release|Win32
		{87C353DA-A0BD-4A7A-9F61-DDE1F349922E}.Release|x86.Build.0 = Release|Win32
		{0E2000A4-8417-429B-9F9D-20A2A946B1DA}.Debug|x64.ActiveCfg = Debug|x64
		{0E2000A4-8417-429B-9F9D-20A2A946B1DA}.Debug|x64.Build.0 = Debug|x64
		{0E2000A4-8417-429B-9F9D-20A2A946B1DA}.Debug|x86.ActiveCfg = Debug|Win32
		{0E2000A4-8417-429B-9F9D-20A2A946B1DA}.Debug|x86.Build.0 = Debug|Win32
		{0E2000A4-8417-429B-9F9D-20A2A946B1DA}.Release|x64.ActiveCfg = Release|x64
		{0E2000A4-8417-429B-9F9D-20A2A946B1DA}.Release|x64.Build.0 = Release|x64
		{0E2000A4-8417-429B-9F9D-20A2A946B1DA}.Release|x86.ActiveCfg = Release|Win32
		{0E2000A4-8417-429B-9F9D-20A2A946B1DA}.Release|x86.Build.0 = Release|Win32
		{2CA8F965-EA94-4B77-A4E0-6672C214CBA2}.Debug|x64.ActiveCfg = Debug|x64
		{2CA8F965-EA94-4B77-A4E0-6672C214CBA2}.Debug|x64.Build.0 = Debug|x64
		{2CA8F965-EA94-4B77-A4E0-6672C214CBA2}.Debug|x86.ActiveCfg = Debug|Win32
		{2CA8F965-EA94-4B77-A4E0-6672C214CBA2}.Debug|x86.Build.0 = Debug|Win32
		{2CA8F965-EA94-4B77-A4E0-6672C214CBA2}.Release|x64.ActiveCfg = Release|x64
		{2CA8F965-EA94-4B77-A4E0-6672C214CBA2}.Release|x64.Build.0 = Release|x64
		{2CA8F965-EA94-4B77-A4E0-6672C214CBA2}.Release|x86.ActiveCfg = Release|Win32
		{2CA8F965-EA94-4B77-A4E0-6672C214CBA2}.Release|x86.Build.0 = Release|Win32
		{71C554D4-1A36-4E0E-91F9-C85D958E150F}.Debug|x64.ActiveCfg = Debug|x64
		{71C554D4-1A36-4E0E-91F9-C85D958E150F}.Debug|x64.Build.0 = Debug|x64
		{71C554D4-1A36-4E0E-91F9-C85D958E150F}.Debug|x86.ActiveCfg = Debug|Win32
		{71C554D4-1A36-4E0E-91F9-C85D958E150F}.Debug|x86.Build.0 = Debug|Win32
		{71C554D4-1A36-4E0E-91F9-C85D958E150F}.Release|x64.ActiveCfg = Release|x64
		{71C554D4-1A36-4E0E-91F9-C85D958E150F}.Release|x64.Build.0 = Release|x64
		{71C554D4-1A36-4E0E-91F9-C85D958E150F}.Release|x86.ActiveCfg = Release|Win32
		{71C554D4-1A36-4E0E-91F9-C85D958E150F}.Release|x86.Build.0 = Release|Win32
		{4756D8E5-2683-47DF-9362-63A4706B16FA}.Debug|x64.ActiveCfg = Debug|x64
		{4756D8E5-2683-47DF-9362-63A4706B16FA}.Debug|x64.Build.0 = Debug|x64
		{4756D8E5-2683-47DF-9362-63A4706B16FA}.Debug|x86.ActiveCfg = Debug|Win32
		{4756D8E5-2683-47DF-9362-63A4706B16FA}.Debug|x86.Build.0 = Debug|Win32
		{4756D8E5-2683-47DF-9362-63A4706B16FA}.Release|x64.ActiveCfg = Release|x64
		{4756D8E5-2683-47DF-9362-63A4706B16FA}.Release|x64.Build.0 = Release|x64
		{4756D8E5-2683-47DF-9362-63A4706B16FA}.Release|x86.ActiveCfg = Release|Win32
		{4756D8E5-2683-47DF-9362-63A4706B16FA}.Release|x86.Build.0 = Release|Win32
		{E7E5C81A-1044-4F71-9B7D-B6C416F480BD}.Debug|x64.ActiveCfg = Debug|x64
		{E7E5C81A-1044-4F71-9B7D-B6C416F480BD}.Debug|x64.Build.0 = Debug|x64
		{E7E5C81A-1044-4F71-9B7D-B6C416F480BD}.Debug|x86.ActiveCfg = Debug|Win32
		{E7E5C81A-1044-4F71-9B7D-B6C416F480BD}.Debug|x86.Build.0 = Debug|Win32
		{E7E5C81A-1044-4F71-9B7D-B6C416F480BD}.Release|x64.ActiveCfg = Release|x64
		{E7E5C81A-1044-4F71-9B7D-B6C416F480BD}.Release|x64.Build.0 = Release|x64
		{E7E5C81A-1044-4F71-9B7D-B6C416F480BD}.Release|x86.ActiveCfg = Release|Win32
		{E7E5C81A-1044-4F71-9B7D-B6C416F480BD}.Release|x86.Build.0 = Release|Win32
		{FF07BB63-6E39-458D-BBAF-ED61DABDD05C}.Debug|x64.ActiveCfg = Debug|x64
		{FF07BB63-6E39-458D-BBAF-ED61DABDD05C}.Debug|x64.Build.0 = Debug|x64
		{FF07BB63-6E39-458D-BBAF-ED61DABDD05C}.Debug|x86.ActiveCfg = Debug|Win32
		{FF07BB63-6E39-458D-BBAF-ED61DABDD05C}.Debug|x86.Build.0 = Debug|Win32
		{FF07BB63-6E39-458D-BBAF-ED61DABDD05C}.Release|x64.ActiveCfg = Release|x64
		{FF07BB63-6E39-458D-BBAF-ED61DABDD05C}.Release|x64.Build.0 = Release|x64
		{FF07BB63-6E39-458D-BBAF-ED61DABDD05C}.Release|x86.ActiveCfg = Release|Win32
		{FF07BB63-6E39-458D-BBAF-ED61DABDD05C}.Release|x86.Build.0 = Release|Win32
		{E4C988F1-0A3D-4812-981E-D39067A50B58}.Debug|x64.ActiveCfg = Debug|x64
		{E4C988F1-0A3D-4812-981E-D39067A50B58}.Debug|x64.Build.0 = Debug|x64
		{E4C988F1-0A3D-4812-981E-D39067A50B58}.Debug|x86.ActiveCfg = Debug|Win32
		{E4C988F1-0A3D-4812-981E-D39067A50B58}.Debug|x86.Build.0 = Debug|Win32
		{E4C988F1-0A3D-4812-981E-D39067A50B58}.Release|x64.ActiveCfg = Release|x64
		{E4C988F1-0A3D-4812-981E-D39067A50B58}.Release|x64.Build.0 = Release|x64
		{E4C988F1-0A3D-4812-981E-D39067A50B58}.Release|x86.ActiveCfg = Release|Win32
		{E4C988F1-0A3D-4812-981E-D39067A50B58}.Release|x86.Build.0 = Release|Win32
		{EF2A74D1-EEBA-444F-95DB-BD0730CADA84}.Debug|x64.ActiveCfg = Debug|x64
		{EF2A74D1-EEBA-444F-95DB-BD0730CADA84}.Debug|x64.Build.0 = Debug|x64
		{EF2A74D1-EEBA-444F-95DB-BD0730CADA84}.Debug|x86.ActiveCfg = Debug|Win32
		{EF2A74D1-EEBA-444F-95DB-BD0730CADA84}.Debug|x86.Build.0 = Debug|Win32
		{EF2A74D1-EEBA-444F-95DB-BD0730CADA84}.Release|x64.ActiveCfg = Release|x64
		{EF2A74D1-EEBA-444F-95DB-BD0730CADA84}.Release|x64.Build.0 = Release|x64
		{EF2A74D1-EEBA-444F-95DB-BD0730CADA84}.Release|x86.ActiveCfg = Release|Win32
		{EF2A74D1-EEBA-444F-95DB-BD0730CADA84}.Release|x86.Build.0 = Release|Win32
		{F0C45CED-4E88-4FD0-A5BF-2EBB21102527}.Debug|x64.ActiveCfg = Debug|x64
		{F0C45CED-4E88-4FD0-A5BF-2EBB21102527}.Debug|x64.Build.0 = Debug|x64
		{F0C45CED-4E88-4FD0-A5BF-2EBB21102527}.Debug|x86.ActiveCfg = Debug|Win32
		{F0C45CED-4E88-4FD0-A5BF-2EBB21102527}.Debug|x86.Build.0 = Debug|Win32
		{F0C45CED-4E88-4FD0-A5BF-2EBB21102527}.Release|x64.ActiveCfg = Release|x64
		{F0C45CED-4E88-4FD0-A5BF-2EBB21102527}.Release|x64.Build.0 = Release|x64
		{F0C45CED-4E88-4FD0-A5BF-2EBB21102527}.Release|x86.ActiveCfg = Release|Win32
		{F0C45CED-4E88-4FD0-A5BF-2EBB21102527}.Release|x86.Build.0 = Release|Win32
		{7E53C0E6-C523-4A64-BFCC-4DDFB7F60F21}.Debug|x64.ActiveCfg = Debug|x64
		{7E53C0E6-C523-4A64-BFCC-4DDFB7F60F21}.Debug|x64.Build.0 = Debug|x64
		{7E53C0E6-C523-4A64-BFCC-4DDFB7F60F21}.Debug|x86.ActiveCfg = Debug|Win32
		{7E53C0E6-C523-4A64-BFCC-4DDFB7F60F21}.Debug|x86.Build.0 = Debug|Win32
		{7E53C0E6-C523-4A64-BFCC-4DDFB7F60F21}.Release|x64.ActiveCfg = Release|x64
		{7E53C0E6-C523-4A64-BFCC-4DDFB7F60F21}.Release|x64.Build.0 = Release|x64
		{7E53C0E6-C523-4A64-BFCC-4DDFB7F60F21}.Release|x86.ActiveCfg = Release|Win32
		{7E53C0E6-C523-4A64-BFCC-4DDFB7F60F21}.Release|x86.Build.0 = Release|Win32
		{ADA82C69-8865-4A28-A1F7-B0AD0E58A8B8}.Debug|x64.ActiveCfg = Debug|x64
		{ADA82C69-8865-4A28-A1F7-B0AD0E58A8B8}.Debug|x64.Build.0 = Debug|x64
		{ADA82C69-8865-4A28-A1F7-B0AD0E58A8B8}.Debug|x86.ActiveCfg = Debug|Win32
		{ADA82C69-8865-4A28-A1F7-B0AD0E58A8B8}.Debug|x86.Build.0 = Debug|Win32
		{ADA82C69-8865-4A28-A1F7-B0AD0E58A8B8}.Release|x64.ActiveCfg = Release|x64
		{ADA82C69-8865-4A28-A1F7-B0AD0E58A8B8}.Release|x64.Build.0 = Release|x64
		{ADA82C69-8865-4A28-A1F7-B0AD0E58A8B8}.Release|x86.ActiveCfg = Release|Win32
		{ADA82C69-8865-4A28-A1F7-B0AD0E58A8B8}.Release|x86.Build.0 = Release|Win32
	EndGlobalSection
	GlobalSection(SolutionProperties) = preSolution
		HideSolutionNode = FALSE
	EndGlobalSection
	GlobalSection(ExtensibilityGlobals) = postSolution
		SolutionGuid = {6895DE6F-D1AF-4133-8110-0F0EA2C4FA73}
	EndGlobalSection
EndGlobal
