
Microsoft Visual Studio Solution File, Format Version 12.00
# Visual Studio Version 17
VisualStudioVersion = 17.0.32112.339
MinimumVisualStudioVersion = 10.0.40219.1
Project("{8BC9CEB8-8B4A-11D0-8D11-00A0C91BC942}") = "17413", "17413\17413.vcxproj", "{B5A684FB-E031-4BF9-AA47-54F53B0C7F84}"
EndProject
Project("{8BC9CEB8-8B4A-11D0-8D11-00A0C91BC942}") = "10799", "10799\10799.vcxproj", "{6A185730-A8BB-4FE0-87A4-AB68E5683DE8}"
EndProject
Project("{8BC9CEB8-8B4A-11D0-8D11-00A0C91BC942}") = "1316", "1316\1316.vcxproj", "{BEABE0AA-868D-443B-8E94-9A81E332F426}"
EndProject
Project("{8BC9CEB8-8B4A-11D0-8D11-00A0C91BC942}") = "2941", "2941\2941.vcxproj", "{1080E3D4-7A62-4551-9E36-91E099E827FB}"
EndProject
Project("{8BC9CEB8-8B4A-11D0-8D11-00A0C91BC942}") = "25206", "25206\25206.vcxproj", "{AC3C9C17-0DA1-4EA8-878F-D6F84B050BB7}"
EndProject
Project("{8BC9CEB8-8B4A-11D0-8D11-00A0C91BC942}") = "1193", "1193\1193.vcxproj", "{914C511D-41D6-4206-9E02-8C8077D8B846}"
EndProject
Project("{8BC9CEB8-8B4A-11D0-8D11-00A0C91BC942}") = "2839", "2839\2839.vcxproj", "{2F73413D-9741-4F72-AA60-157F30D34DB2}"
EndProject
Project("{8BC9CEB8-8B4A-11D0-8D11-00A0C91BC942}") = "1978", "1978\1978.vcxproj", "{A666CA15-0D69-4F4E-9183-79608F2DED1B}"
EndProject
Project("{8BC9CEB8-8B4A-11D0-8D11-00A0C91BC942}") = "2581", "2581\2581.vcxproj", "{0834B57C-FF6B-4AA5-BFAC-7B9BD65A8E6A}"
EndProject
Project("{8BC9CEB8-8B4A-11D0-8D11-00A0C91BC942}") = "9020", "9020\9020.vcxproj", "{83081746-895B-4364-BE13-0C4D9A53A333}"
EndProject
Project("{8BC9CEB8-8B4A-11D0-8D11-00A0C91BC942}") = "2751", "2751\2751.vcxproj", "{4DEFF5E9-0CE8-4D20-B3FF-F83BB8A14D72}"
EndProject
Project("{8BC9CEB8-8B4A-11D0-8D11-00A0C91BC942}") = "2108", "2108\2108.vcxproj", "{8D0D3F4F-D063-497E-9EF7-430AE3FE8370}"
EndProject
Project("{8BC9CEB8-8B4A-11D0-8D11-00A0C91BC942}") = "1427", "1427\1427.vcxproj", "{8B7B007E-64A1-4B64-94F2-970188C455F6}"
EndProject
Project("{8BC9CEB8-8B4A-11D0-8D11-00A0C91BC942}") = "11650", "11650\11650.vcxproj", "{DD770761-0AE9-4833-A01B-964920F59764}"
EndProject
Project("{8BC9CEB8-8B4A-11D0-8D11-00A0C91BC942}") = "11651", "11651\11651.vcxproj", "{E336ED0D-4F18-4810-96FC-8D41418FC9F6}"
EndProject
Project("{8BC9CEB8-8B4A-11D0-8D11-00A0C91BC942}") = "1181", "1181\1181.vcxproj", "{C1F23D9E-39F3-40DB-BF37-BFCDB811827A}"
EndProject
Project("{8BC9CEB8-8B4A-11D0-8D11-00A0C91BC942}") = "10814", "10814\10814.vcxproj", "{06E4D4BC-78B1-45A7-A8AD-154C7E152B32}"
EndProject
Global
	GlobalSection(SolutionConfigurationPlatforms) = preSolution
		Debug|x64 = Debug|x64
		Debug|x86 = Debug|x86
		Release|x64 = Release|x64
		Release|x86 = Release|x86
	EndGlobalSection
	GlobalSection(ProjectConfigurationPlatforms) = postSolution
		{B5A684FB-E031-4BF9-AA47-54F53B0C7F84}.Debug|x64.ActiveCfg = Debug|x64
		{B5A684FB-E031-4BF9-AA47-54F53B0C7F84}.Debug|x64.Build.0 = Debug|x64
		{B5A684FB-E031-4BF9-AA47-54F53B0C7F84}.Debug|x86.ActiveCfg = Debug|Win32
		{B5A684FB-E031-4BF9-AA47-54F53B0C7F84}.Debug|x86.Build.0 = Debug|Win32
		{B5A684FB-E031-4BF9-AA47-54F53B0C7F84}.Release|x64.ActiveCfg = Release|x64
		{B5A684FB-E031-4BF9-AA47-54F53B0C7F84}.Release|x64.Build.0 = Release|x64
		{B5A684FB-E031-4BF9-AA47-54F53B0C7F84}.Release|x86.ActiveCfg = Release|Win32
		{B5A684FB-E031-4BF9-AA47-54F53B0C7F84}.Release|x86.Build.0 = Release|Win32
		{6A185730-A8BB-4FE0-87A4-AB68E5683DE8}.Debug|x64.ActiveCfg = Debug|x64
		{6A185730-A8BB-4FE0-87A4-AB68E5683DE8}.Debug|x64.Build.0 = Debug|x64
		{6A185730-A8BB-4FE0-87A4-AB68E5683DE8}.Debug|x86.ActiveCfg = Debug|Win32
		{6A185730-A8BB-4FE0-87A4-AB68E5683DE8}.Debug|x86.Build.0 = Debug|Win32
		{6A185730-A8BB-4FE0-87A4-AB68E5683DE8}.Release|x64.ActiveCfg = Release|x64
		{6A185730-A8BB-4FE0-87A4-AB68E5683DE8}.Release|x64.Build.0 = Release|x64
		{6A185730-A8BB-4FE0-87A4-AB68E5683DE8}.Release|x86.ActiveCfg = Release|Win32
		{6A185730-A8BB-4FE0-87A4-AB68E5683DE8}.Release|x86.Build.0 = Release|Win32
		{BEABE0AA-868D-443B-8E94-9A81E332F426}.Debug|x64.ActiveCfg = Debug|x64
		{BEABE0AA-868D-443B-8E94-9A81E332F426}.Debug|x64.Build.0 = Debug|x64
		{BEABE0AA-868D-443B-8E94-9A81E332F426}.Debug|x86.ActiveCfg = Debug|Win32
		{BEABE0AA-868D-443B-8E94-9A81E332F426}.Debug|x86.Build.0 = Debug|Win32
		{BEABE0AA-868D-443B-8E94-9A81E332F426}.Release|x64.ActiveCfg = Release|x64
		{BEABE0AA-868D-443B-8E94-9A81E332F426}.Release|x64.Build.0 = Release|x64
		{BEABE0AA-868D-443B-8E94-9A81E332F426}.Release|x86.ActiveCfg = Release|Win32
		{BEABE0AA-868D-443B-8E94-9A81E332F426}.Release|x86.Build.0 = Release|Win32
		{1080E3D4-7A62-4551-9E36-91E099E827FB}.Debug|x64.ActiveCfg = Debug|x64
		{1080E3D4-7A62-4551-9E36-91E099E827FB}.Debug|x64.Build.0 = Debug|x64
		{1080E3D4-7A62-4551-9E36-91E099E827FB}.Debug|x86.ActiveCfg = Debug|Win32
		{1080E3D4-7A62-4551-9E36-91E099E827FB}.Debug|x86.Build.0 = Debug|Win32
		{1080E3D4-7A62-4551-9E36-91E099E827FB}.Release|x64.ActiveCfg = Release|x64
		{1080E3D4-7A62-4551-9E36-91E099E827FB}.Release|x64.Build.0 = Release|x64
		{1080E3D4-7A62-4551-9E36-91E099E827FB}.Release|x86.ActiveCfg = Release|Win32
		{1080E3D4-7A62-4551-9E36-91E099E827FB}.Release|x86.Build.0 = Release|Win32
		{AC3C9C17-0DA1-4EA8-878F-D6F84B050BB7}.Debug|x64.ActiveCfg = Debug|x64
		{AC3C9C17-0DA1-4EA8-878F-D6F84B050BB7}.Debug|x64.Build.0 = Debug|x64
		{AC3C9C17-0DA1-4EA8-878F-D6F84B050BB7}.Debug|x86.ActiveCfg = Debug|Win32
		{AC3C9C17-0DA1-4EA8-878F-D6F84B050BB7}.Debug|x86.Build.0 = Debug|Win32
		{AC3C9C17-0DA1-4EA8-878F-D6F84B050BB7}.Release|x64.ActiveCfg = Release|x64
		{AC3C9C17-0DA1-4EA8-878F-D6F84B050BB7}.Release|x64.Build.0 = Release|x64
		{AC3C9C17-0DA1-4EA8-878F-D6F84B050BB7}.Release|x86.ActiveCfg = Release|Win32
		{AC3C9C17-0DA1-4EA8-878F-D6F84B050BB7}.Release|x86.Build.0 = Release|Win32
		{914C511D-41D6-4206-9E02-8C8077D8B846}.Debug|x64.ActiveCfg = Debug|x64
		{914C511D-41D6-4206-9E02-8C8077D8B846}.Debug|x64.Build.0 = Debug|x64
		{914C511D-41D6-4206-9E02-8C8077D8B846}.Debug|x86.ActiveCfg = Debug|Win32
		{914C511D-41D6-4206-9E02-8C8077D8B846}.Debug|x86.Build.0 = Debug|Win32
		{914C511D-41D6-4206-9E02-8C8077D8B846}.Release|x64.ActiveCfg = Release|x64
		{914C511D-41D6-4206-9E02-8C8077D8B846}.Release|x64.Build.0 = Release|x64
		{914C511D-41D6-4206-9E02-8C8077D8B846}.Release|x86.ActiveCfg = Release|Win32
		{914C511D-41D6-4206-9E02-8C8077D8B846}.Release|x86.Build.0 = Release|Win32
		{2F73413D-9741-4F72-AA60-157F30D34DB2}.Debug|x64.ActiveCfg = Debug|x64
		{2F73413D-9741-4F72-AA60-157F30D34DB2}.Debug|x64.Build.0 = Debug|x64
		{2F73413D-9741-4F72-AA60-157F30D34DB2}.Debug|x86.ActiveCfg = Debug|Win32
		{2F73413D-9741-4F72-AA60-157F30D34DB2}.Debug|x86.Build.0 = Debug|Win32
		{2F73413D-9741-4F72-AA60-157F30D34DB2}.Release|x64.ActiveCfg = Release|x64
		{2F73413D-9741-4F72-AA60-157F30D34DB2}.Release|x64.Build.0 = Release|x64
		{2F73413D-9741-4F72-AA60-157F30D34DB2}.Release|x86.ActiveCfg = Release|Win32
		{2F73413D-9741-4F72-AA60-157F30D34DB2}.Release|x86.Build.0 = Release|Win32
		{A666CA15-0D69-4F4E-9183-79608F2DED1B}.Debug|x64.ActiveCfg = Debug|x64
		{A666CA15-0D69-4F4E-9183-79608F2DED1B}.Debug|x64.Build.0 = Debug|x64
		{A666CA15-0D69-4F4E-9183-79608F2DED1B}.Debug|x86.ActiveCfg = Debug|Win32
		{A666CA15-0D69-4F4E-9183-79608F2DED1B}.Debug|x86.Build.0 = Debug|Win32
		{A666CA15-0D69-4F4E-9183-79608F2DED1B}.Release|x64.ActiveCfg = Release|x64
		{A666CA15-0D69-4F4E-9183-79608F2DED1B}.Release|x64.Build.0 = Release|x64
		{A666CA15-0D69-4F4E-9183-79608F2DED1B}.Release|x86.ActiveCfg = Release|Win32
		{A666CA15-0D69-4F4E-9183-79608F2DED1B}.Release|x86.Build.0 = Release|Win32
		{0834B57C-FF6B-4AA5-BFAC-7B9BD65A8E6A}.Debug|x64.ActiveCfg = Debug|x64
		{0834B57C-FF6B-4AA5-BFAC-7B9BD65A8E6A}.Debug|x64.Build.0 = Debug|x64
		{0834B57C-FF6B-4AA5-BFAC-7B9BD65A8E6A}.Debug|x86.ActiveCfg = Debug|Win32
		{0834B57C-FF6B-4AA5-BFAC-7B9BD65A8E6A}.Debug|x86.Build.0 = Debug|Win32
		{0834B57C-FF6B-4AA5-BFAC-7B9BD65A8E6A}.Release|x64.ActiveCfg = Release|x64
		{0834B57C-FF6B-4AA5-BFAC-7B9BD65A8E6A}.Release|x64.Build.0 = Release|x64
		{0834B57C-FF6B-4AA5-BFAC-7B9BD65A8E6A}.Release|x86.ActiveCfg = Release|Win32
		{0834B57C-FF6B-4AA5-BFAC-7B9BD65A8E6A}.Release|x86.Build.0 = Release|Win32
		{83081746-895B-4364-BE13-0C4D9A53A333}.Debug|x64.ActiveCfg = Debug|x64
		{83081746-895B-4364-BE13-0C4D9A53A333}.Debug|x64.Build.0 = Debug|x64
		{83081746-895B-4364-BE13-0C4D9A53A333}.Debug|x86.ActiveCfg = Debug|Win32
		{83081746-895B-4364-BE13-0C4D9A53A333}.Debug|x86.Build.0 = Debug|Win32
		{83081746-895B-4364-BE13-0C4D9A53A333}.Release|x64.ActiveCfg = Release|x64
		{83081746-895B-4364-BE13-0C4D9A53A333}.Release|x64.Build.0 = Release|x64
		{83081746-895B-4364-BE13-0C4D9A53A333}.Release|x86.ActiveCfg = Release|Win32
		{83081746-895B-4364-BE13-0C4D9A53A333}.Release|x86.Build.0 = Release|Win32
		{4DEFF5E9-0CE8-4D20-B3FF-F83BB8A14D72}.Debug|x64.ActiveCfg = Debug|x64
		{4DEFF5E9-0CE8-4D20-B3FF-F83BB8A14D72}.Debug|x64.Build.0 = Debug|x64
		{4DEFF5E9-0CE8-4D20-B3FF-F83BB8A14D72}.Debug|x86.ActiveCfg = Debug|Win32
		{4DEFF5E9-0CE8-4D20-B3FF-F83BB8A14D72}.Debug|x86.Build.0 = Debug|Win32
		{4DEFF5E9-0CE8-4D20-B3FF-F83BB8A14D72}.Release|x64.ActiveCfg = Release|x64
		{4DEFF5E9-0CE8-4D20-B3FF-F83BB8A14D72}.Release|x64.Build.0 = Release|x64
		{4DEFF5E9-0CE8-4D20-B3FF-F83BB8A14D72}.Release|x86.ActiveCfg = Release|Win32
		{4DEFF5E9-0CE8-4D20-B3FF-F83BB8A14D72}.Release|x86.Build.0 = Release|Win32
		{8D0D3F4F-D063-497E-9EF7-430AE3FE8370}.Debug|x64.ActiveCfg = Debug|x64
		{8D0D3F4F-D063-497E-9EF7-430AE3FE8370}.Debug|x64.Build.0 = Debug|x64
		{8D0D3F4F-D063-497E-9EF7-430AE3FE8370}.Debug|x86.ActiveCfg = Debug|Win32
		{8D0D3F4F-D063-497E-9EF7-430AE3FE8370}.Debug|x86.Build.0 = Debug|Win32
		{8D0D3F4F-D063-497E-9EF7-430AE3FE8370}.Release|x64.ActiveCfg = Release|x64
		{8D0D3F4F-D063-497E-9EF7-430AE3FE8370}.Release|x64.Build.0 = Release|x64
		{8D0D3F4F-D063-497E-9EF7-430AE3FE8370}.Release|x86.ActiveCfg = Release|Win32
		{8D0D3F4F-D063-497E-9EF7-430AE3FE8370}.Release|x86.Build.0 = Release|Win32
		{8B7B007E-64A1-4B64-94F2-970188C455F6}.Debug|x64.ActiveCfg = Debug|x64
		{8B7B007E-64A1-4B64-94F2-970188C455F6}.Debug|x64.Build.0 = Debug|x64
		{8B7B007E-64A1-4B64-94F2-970188C455F6}.Debug|x86.ActiveCfg = Debug|Win32
		{8B7B007E-64A1-4B64-94F2-970188C455F6}.Debug|x86.Build.0 = Debug|Win32
		{8B7B007E-64A1-4B64-94F2-970188C455F6}.Release|x64.ActiveCfg = Release|x64
		{8B7B007E-64A1-4B64-94F2-970188C455F6}.Release|x64.Build.0 = Release|x64
		{8B7B007E-64A1-4B64-94F2-970188C455F6}.Release|x86.ActiveCfg = Release|Win32
		{8B7B007E-64A1-4B64-94F2-970188C455F6}.Release|x86.Build.0 = Release|Win32
		{DD770761-0AE9-4833-A01B-964920F59764}.Debug|x64.ActiveCfg = Debug|x64
		{DD770761-0AE9-4833-A01B-964920F59764}.Debug|x64.Build.0 = Debug|x64
		{DD770761-0AE9-4833-A01B-964920F59764}.Debug|x86.ActiveCfg = Debug|Win32
		{DD770761-0AE9-4833-A01B-964920F59764}.Debug|x86.Build.0 = Debug|Win32
		{DD770761-0AE9-4833-A01B-964920F59764}.Release|x64.ActiveCfg = Release|x64
		{DD770761-0AE9-4833-A01B-964920F59764}.Release|x64.Build.0 = Release|x64
		{DD770761-0AE9-4833-A01B-964920F59764}.Release|x86.ActiveCfg = Release|Win32
		{DD770761-0AE9-4833-A01B-964920F59764}.Release|x86.Build.0 = Release|Win32
		{E336ED0D-4F18-4810-96FC-8D41418FC9F6}.Debug|x64.ActiveCfg = Debug|x64
		{E336ED0D-4F18-4810-96FC-8D41418FC9F6}.Debug|x64.Build.0 = Debug|x64
		{E336ED0D-4F18-4810-96FC-8D41418FC9F6}.Debug|x86.ActiveCfg = Debug|Win32
		{E336ED0D-4F18-4810-96FC-8D41418FC9F6}.Debug|x86.Build.0 = Debug|Win32
		{E336ED0D-4F18-4810-96FC-8D41418FC9F6}.Release|x64.ActiveCfg = Release|x64
		{E336ED0D-4F18-4810-96FC-8D41418FC9F6}.Release|x64.Build.0 = Release|x64
		{E336ED0D-4F18-4810-96FC-8D41418FC9F6}.Release|x86.ActiveCfg = Release|Win32
		{E336ED0D-4F18-4810-96FC-8D41418FC9F6}.Release|x86.Build.0 = Release|Win32
		{C1F23D9E-39F3-40DB-BF37-BFCDB811827A}.Debug|x64.ActiveCfg = Debug|x64
		{C1F23D9E-39F3-40DB-BF37-BFCDB811827A}.Debug|x64.Build.0 = Debug|x64
		{C1F23D9E-39F3-40DB-BF37-BFCDB811827A}.Debug|x86.ActiveCfg = Debug|Win32
		{C1F23D9E-39F3-40DB-BF37-BFCDB811827A}.Debug|x86.Build.0 = Debug|Win32
		{C1F23D9E-39F3-40DB-BF37-BFCDB811827A}.Release|x64.ActiveCfg = Release|x64
		{C1F23D9E-39F3-40DB-BF37-BFCDB811827A}.Release|x64.Build.0 = Release|x64
		{C1F23D9E-39F3-40DB-BF37-BFCDB811827A}.Release|x86.ActiveCfg = Release|Win32
		{C1F23D9E-39F3-40DB-BF37-BFCDB811827A}.Release|x86.Build.0 = Release|Win32
		{06E4D4BC-78B1-45A7-A8AD-154C7E152B32}.Debug|x64.ActiveCfg = Debug|x64
		{06E4D4BC-78B1-45A7-A8AD-154C7E152B32}.Debug|x64.Build.0 = Debug|x64
		{06E4D4BC-78B1-45A7-A8AD-154C7E152B32}.Debug|x86.ActiveCfg = Debug|Win32
		{06E4D4BC-78B1-45A7-A8AD-154C7E152B32}.Debug|x86.Build.0 = Debug|Win32
		{06E4D4BC-78B1-45A7-A8AD-154C7E152B32}.Release|x64.ActiveCfg = Release|x64
		{06E4D4BC-78B1-45A7-A8AD-154C7E152B32}.Release|x64.Build.0 = Release|x64
		{06E4D4BC-78B1-45A7-A8AD-154C7E152B32}.Release|x86.ActiveCfg = Release|Win32
		{06E4D4BC-78B1-45A7-A8AD-154C7E152B32}.Release|x86.Build.0 = Release|Win32
	EndGlobalSection
	GlobalSection(SolutionProperties) = preSolution
		HideSolutionNode = FALSE
	EndGlobalSection
	GlobalSection(ExtensibilityGlobals) = postSolution
		SolutionGuid = {6895DE6F-D1AF-4133-8110-0F0EA2C4FA73}
	EndGlobalSection
EndGlobal
