
Microsoft Visual Studio Solution File, Format Version 12.00
# Visual Studio Version 17
VisualStudioVersion = 17.0.32112.339
MinimumVisualStudioVersion = 10.0.40219.1
Project("{8BC9CEB8-8B4A-11D0-8D11-00A0C91BC942}") = "10828", "stack\stack.vcxproj", "{59E24932-AD87-4910-89CB-8334CEC68E8F}"
EndProject
Project("{8BC9CEB8-8B4A-11D0-8D11-00A0C91BC942}") = "19773", "19773\19773.vcxproj", "{28608E06-418A-4968-B4AA-534DB538C45B}"
EndProject
Project("{8BC9CEB8-8B4A-11D0-8D11-00A0C91BC942}") = "9012", "9012\9012.vcxproj", "{909AE9A4-4C26-480D-9505-BD4B6E654723}"
EndProject
Project("{8BC9CEB8-8B4A-11D0-8D11-00A0C91BC942}") = "1874", "1874\1874.vcxproj", "{5FEA49E5-5652-4866-89B9-76D2C486547A}"
EndProject
Project("{8BC9CEB8-8B4A-11D0-8D11-00A0C91BC942}") = "9093", "9093\9093.vcxproj", "{648C966A-B242-447E-8718-993B2C0FA1B7}"
EndProject
Project("{8BC9CEB8-8B4A-11D0-8D11-00A0C91BC942}") = "1406", "1406\1406.vcxproj", "{717B2488-60D5-4720-A332-FD5EBF295A62}"
EndProject
Global
	GlobalSection(SolutionConfigurationPlatforms) = preSolution
		Debug|x64 = Debug|x64
		Debug|x86 = Debug|x86
		Release|x64 = Release|x64
		Release|x86 = Release|x86
	EndGlobalSection
	GlobalSection(ProjectConfigurationPlatforms) = postSolution
		{59E24932-AD87-4910-89CB-8334CEC68E8F}.Debug|x64.ActiveCfg = Debug|x64
		{59E24932-AD87-4910-89CB-8334CEC68E8F}.Debug|x64.Build.0 = Debug|x64
		{59E24932-AD87-4910-89CB-8334CEC68E8F}.Debug|x86.ActiveCfg = Debug|Win32
		{59E24932-AD87-4910-89CB-8334CEC68E8F}.Debug|x86.Build.0 = Debug|Win32
		{59E24932-AD87-4910-89CB-8334CEC68E8F}.Release|x64.ActiveCfg = Release|x64
		{59E24932-AD87-4910-89CB-8334CEC68E8F}.Release|x64.Build.0 = Release|x64
		{59E24932-AD87-4910-89CB-8334CEC68E8F}.Release|x86.ActiveCfg = Release|Win32
		{59E24932-AD87-4910-89CB-8334CEC68E8F}.Release|x86.Build.0 = Release|Win32
		{28608E06-418A-4968-B4AA-534DB538C45B}.Debug|x64.ActiveCfg = Debug|x64
		{28608E06-418A-4968-B4AA-534DB538C45B}.Debug|x64.Build.0 = Debug|x64
		{28608E06-418A-4968-B4AA-534DB538C45B}.Debug|x86.ActiveCfg = Debug|Win32
		{28608E06-418A-4968-B4AA-534DB538C45B}.Debug|x86.Build.0 = Debug|Win32
		{28608E06-418A-4968-B4AA-534DB538C45B}.Release|x64.ActiveCfg = Release|x64
		{28608E06-418A-4968-B4AA-534DB538C45B}.Release|x64.Build.0 = Release|x64
		{28608E06-418A-4968-B4AA-534DB538C45B}.Release|x86.ActiveCfg = Release|Win32
		{28608E06-418A-4968-B4AA-534DB538C45B}.Release|x86.Build.0 = Release|Win32
		{909AE9A4-4C26-480D-9505-BD4B6E654723}.Debug|x64.ActiveCfg = Debug|x64
		{909AE9A4-4C26-480D-9505-BD4B6E654723}.Debug|x64.Build.0 = Debug|x64
		{909AE9A4-4C26-480D-9505-BD4B6E654723}.Debug|x86.ActiveCfg = Debug|Win32
		{909AE9A4-4C26-480D-9505-BD4B6E654723}.Debug|x86.Build.0 = Debug|Win32
		{909AE9A4-4C26-480D-9505-BD4B6E654723}.Release|x64.ActiveCfg = Release|x64
		{909AE9A4-4C26-480D-9505-BD4B6E654723}.Release|x64.Build.0 = Release|x64
		{909AE9A4-4C26-480D-9505-BD4B6E654723}.Release|x86.ActiveCfg = Release|Win32
		{909AE9A4-4C26-480D-9505-BD4B6E654723}.Release|x86.Build.0 = Release|Win32
		{5FEA49E5-5652-4866-89B9-76D2C486547A}.Debug|x64.ActiveCfg = Debug|x64
		{5FEA49E5-5652-4866-89B9-76D2C486547A}.Debug|x64.Build.0 = Debug|x64
		{5FEA49E5-5652-4866-89B9-76D2C486547A}.Debug|x86.ActiveCfg = Debug|Win32
		{5FEA49E5-5652-4866-89B9-76D2C486547A}.Debug|x86.Build.0 = Debug|Win32
		{5FEA49E5-5652-4866-89B9-76D2C486547A}.Release|x64.ActiveCfg = Release|x64
		{5FEA49E5-5652-4866-89B9-76D2C486547A}.Release|x64.Build.0 = Release|x64
		{5FEA49E5-5652-4866-89B9-76D2C486547A}.Release|x86.ActiveCfg = Release|Win32
		{5FEA49E5-5652-4866-89B9-76D2C486547A}.Release|x86.Build.0 = Release|Win32
		{648C966A-B242-447E-8718-993B2C0FA1B7}.Debug|x64.ActiveCfg = Debug|x64
		{648C966A-B242-447E-8718-993B2C0FA1B7}.Debug|x64.Build.0 = Debug|x64
		{648C966A-B242-447E-8718-993B2C0FA1B7}.Debug|x86.ActiveCfg = Debug|Win32
		{648C966A-B242-447E-8718-993B2C0FA1B7}.Debug|x86.Build.0 = Debug|Win32
		{648C966A-B242-447E-8718-993B2C0FA1B7}.Release|x64.ActiveCfg = Release|x64
		{648C966A-B242-447E-8718-993B2C0FA1B7}.Release|x64.Build.0 = Release|x64
		{648C966A-B242-447E-8718-993B2C0FA1B7}.Release|x86.ActiveCfg = Release|Win32
		{648C966A-B242-447E-8718-993B2C0FA1B7}.Release|x86.Build.0 = Release|Win32
		{717B2488-60D5-4720-A332-FD5EBF295A62}.Debug|x64.ActiveCfg = Debug|x64
		{717B2488-60D5-4720-A332-FD5EBF295A62}.Debug|x64.Build.0 = Debug|x64
		{717B2488-60D5-4720-A332-FD5EBF295A62}.Debug|x86.ActiveCfg = Debug|Win32
		{717B2488-60D5-4720-A332-FD5EBF295A62}.Debug|x86.Build.0 = Debug|Win32
		{717B2488-60D5-4720-A332-FD5EBF295A62}.Release|x64.ActiveCfg = Release|x64
		{717B2488-60D5-4720-A332-FD5EBF295A62}.Release|x64.Build.0 = Release|x64
		{717B2488-60D5-4720-A332-FD5EBF295A62}.Release|x86.ActiveCfg = Release|Win32
		{717B2488-60D5-4720-A332-FD5EBF295A62}.Release|x86.Build.0 = Release|Win32
	EndGlobalSection
	GlobalSection(SolutionProperties) = preSolution
		HideSolutionNode = FALSE
	EndGlobalSection
	GlobalSection(ExtensibilityGlobals) = postSolution
		SolutionGuid = {E53BBABC-0051-4711-B756-79B6AB843634}
	EndGlobalSection
EndGlobal
