
Microsoft Visual Studio Solution File, Format Version 12.00
# Visual Studio Version 17
VisualStudioVersion = 17.0.32112.339
MinimumVisualStudioVersion = 10.0.40219.1
Project("{8BC9CEB8-8B4A-11D0-8D11-00A0C91BC942}") = "10808", "10808\10808.vcxproj", "{D0785B4F-1E1E-4021-9724-4895306E5997}"
EndProject
Project("{8BC9CEB8-8B4A-11D0-8D11-00A0C91BC942}") = "10809", "10809\10809.vcxproj", "{8ECC9A65-6E6F-46CA-A163-F32934DC3B27}"
EndProject
Project("{8BC9CEB8-8B4A-11D0-8D11-00A0C91BC942}") = "2743", "2743\2743.vcxproj", "{B6D39BB4-4F35-40D0-8058-167A26696BE4}"
EndProject
Project("{8BC9CEB8-8B4A-11D0-8D11-00A0C91BC942}") = "11655", "11655\11655.vcxproj", "{11983DAD-FF14-481B-AD4B-814FE48ED6EA}"
EndProject
Project("{8BC9CEB8-8B4A-11D0-8D11-00A0C91BC942}") = "10824", "10824\10824.vcxproj", "{15713A77-0692-41BA-8659-F50D13F54185}"
EndProject
Project("{8BC9CEB8-8B4A-11D0-8D11-00A0C91BC942}") = "2675", "2675\2675.vcxproj", "{2E09F2AA-9554-443A-9BEF-8E7ABBC553F4}"
EndProject
Project("{8BC9CEB8-8B4A-11D0-8D11-00A0C91BC942}") = "1157", "1157\1157.vcxproj", "{58EC2F57-948B-43A4-A9D0-C5F6BBCA2057}"
EndProject
Project("{8BC9CEB8-8B4A-11D0-8D11-00A0C91BC942}") = "1152", "1152\1152.vcxproj", "{15E4C121-52A9-4097-A1FB-EA217AC0A387}"
EndProject
Project("{8BC9CEB8-8B4A-11D0-8D11-00A0C91BC942}") = "2908", "2908\2908.vcxproj", "{C6261988-B8AD-4E6C-8D85-5556052733C7}"
EndProject
Project("{8BC9CEB8-8B4A-11D0-8D11-00A0C91BC942}") = "5622", "5622\5622.vcxproj", "{EE7FEA58-35D4-48DA-9047-E7D3CEACB543}"
EndProject
Project("{8BC9CEB8-8B4A-11D0-8D11-00A0C91BC942}") = "10988", "10812\10812.vcxproj", "{C56F22CE-43D8-456A-80BE-EF40D35F7203}"
EndProject
Project("{8BC9CEB8-8B4A-11D0-8D11-00A0C91BC942}") = "2292", "2292\2292.vcxproj", "{4DDDF8FB-134B-4B32-B3D4-19A0500256D2}"
EndProject
Project("{8BC9CEB8-8B4A-11D0-8D11-00A0C91BC942}") = "2869", "2869\2869.vcxproj", "{E580B9E8-D8F1-4E47-AFE9-52920AEA21BC}"
EndProject
Project("{8BC9CEB8-8B4A-11D0-8D11-00A0C91BC942}") = "10250", "10250\10250.vcxproj", "{7D1C9B9B-6C36-434F-A96D-F793E80CA3BC}"
EndProject
Project("{8BC9CEB8-8B4A-11D0-8D11-00A0C91BC942}") = "9506", "9506\9506.vcxproj", "{90F37F6B-C129-4ED8-8F74-144655AB466E}"
EndProject
Project("{8BC9CEB8-8B4A-11D0-8D11-00A0C91BC942}") = "11653", "11653\11653.vcxproj", "{0958F0B6-94D3-4750-90D7-47518591D20E}"
EndProject
Project("{8BC9CEB8-8B4A-11D0-8D11-00A0C91BC942}") = "2750", "2750\2750.vcxproj", "{DD6D2B2F-B39E-4676-81B1-3A7FBC01FEFC}"
EndProject
Project("{8BC9CEB8-8B4A-11D0-8D11-00A0C91BC942}") = "2587", "2587\2587.vcxproj", "{EDBE48DB-EBD4-425A-8870-9D89C0936DB8}"
EndProject
Project("{8BC9CEB8-8B4A-11D0-8D11-00A0C91BC942}") = "25305", "25305\25305.vcxproj", "{D74256CC-C601-49DF-B467-A326F0A1F01E}"
EndProject
Project("{8BC9CEB8-8B4A-11D0-8D11-00A0C91BC942}") = "10989", "10989\10989.vcxproj", "{1356047D-80D8-4BB8-A3AD-C2B292654364}"
EndProject
Global
	GlobalSection(SolutionConfigurationPlatforms) = preSolution
		Debug|x64 = Debug|x64
		Debug|x86 = Debug|x86
		Release|x64 = Release|x64
		Release|x86 = Release|x86
	EndGlobalSection
	GlobalSection(ProjectConfigurationPlatforms) = postSolution
		{D0785B4F-1E1E-4021-9724-4895306E5997}.Debug|x64.ActiveCfg = Debug|x64
		{D0785B4F-1E1E-4021-9724-4895306E5997}.Debug|x64.Build.0 = Debug|x64
		{D0785B4F-1E1E-4021-9724-4895306E5997}.Debug|x86.ActiveCfg = Debug|Win32
		{D0785B4F-1E1E-4021-9724-4895306E5997}.Debug|x86.Build.0 = Debug|Win32
		{D0785B4F-1E1E-4021-9724-4895306E5997}.Release|x64.ActiveCfg = Release|x64
		{D0785B4F-1E1E-4021-9724-4895306E5997}.Release|x64.Build.0 = Release|x64
		{D0785B4F-1E1E-4021-9724-4895306E5997}.Release|x86.ActiveCfg = Release|Win32
		{D0785B4F-1E1E-4021-9724-4895306E5997}.Release|x86.Build.0 = Release|Win32
		{8ECC9A65-6E6F-46CA-A163-F32934DC3B27}.Debug|x64.ActiveCfg = Debug|x64
		{8ECC9A65-6E6F-46CA-A163-F32934DC3B27}.Debug|x64.Build.0 = Debug|x64
		{8ECC9A65-6E6F-46CA-A163-F32934DC3B27}.Debug|x86.ActiveCfg = Debug|Win32
		{8ECC9A65-6E6F-46CA-A163-F32934DC3B27}.Debug|x86.Build.0 = Debug|Win32
		{8ECC9A65-6E6F-46CA-A163-F32934DC3B27}.Release|x64.ActiveCfg = Release|x64
		{8ECC9A65-6E6F-46CA-A163-F32934DC3B27}.Release|x64.Build.0 = Release|x64
		{8ECC9A65-6E6F-46CA-A163-F32934DC3B27}.Release|x86.ActiveCfg = Release|Win32
		{8ECC9A65-6E6F-46CA-A163-F32934DC3B27}.Release|x86.Build.0 = Release|Win32
		{B6D39BB4-4F35-40D0-8058-167A26696BE4}.Debug|x64.ActiveCfg = Debug|x64
		{B6D39BB4-4F35-40D0-8058-167A26696BE4}.Debug|x64.Build.0 = Debug|x64
		{B6D39BB4-4F35-40D0-8058-167A26696BE4}.Debug|x86.ActiveCfg = Debug|Win32
		{B6D39BB4-4F35-40D0-8058-167A26696BE4}.Debug|x86.Build.0 = Debug|Win32
		{B6D39BB4-4F35-40D0-8058-167A26696BE4}.Release|x64.ActiveCfg = Release|x64
		{B6D39BB4-4F35-40D0-8058-167A26696BE4}.Release|x64.Build.0 = Release|x64
		{B6D39BB4-4F35-40D0-8058-167A26696BE4}.Release|x86.ActiveCfg = Release|Win32
		{B6D39BB4-4F35-40D0-8058-167A26696BE4}.Release|x86.Build.0 = Release|Win32
		{11983DAD-FF14-481B-AD4B-814FE48ED6EA}.Debug|x64.ActiveCfg = Debug|x64
		{11983DAD-FF14-481B-AD4B-814FE48ED6EA}.Debug|x64.Build.0 = Debug|x64
		{11983DAD-FF14-481B-AD4B-814FE48ED6EA}.Debug|x86.ActiveCfg = Debug|Win32
		{11983DAD-FF14-481B-AD4B-814FE48ED6EA}.Debug|x86.Build.0 = Debug|Win32
		{11983DAD-FF14-481B-AD4B-814FE48ED6EA}.Release|x64.ActiveCfg = Release|x64
		{11983DAD-FF14-481B-AD4B-814FE48ED6EA}.Release|x64.Build.0 = Release|x64
		{11983DAD-FF14-481B-AD4B-814FE48ED6EA}.Release|x86.ActiveCfg = Release|Win32
		{11983DAD-FF14-481B-AD4B-814FE48ED6EA}.Release|x86.Build.0 = Release|Win32
		{15713A77-0692-41BA-8659-F50D13F54185}.Debug|x64.ActiveCfg = Debug|x64
		{15713A77-0692-41BA-8659-F50D13F54185}.Debug|x64.Build.0 = Debug|x64
		{15713A77-0692-41BA-8659-F50D13F54185}.Debug|x86.ActiveCfg = Debug|Win32
		{15713A77-0692-41BA-8659-F50D13F54185}.Debug|x86.Build.0 = Debug|Win32
		{15713A77-0692-41BA-8659-F50D13F54185}.Release|x64.ActiveCfg = Release|x64
		{15713A77-0692-41BA-8659-F50D13F54185}.Release|x64.Build.0 = Release|x64
		{15713A77-0692-41BA-8659-F50D13F54185}.Release|x86.ActiveCfg = Release|Win32
		{15713A77-0692-41BA-8659-F50D13F54185}.Release|x86.Build.0 = Release|Win32
		{2E09F2AA-9554-443A-9BEF-8E7ABBC553F4}.Debug|x64.ActiveCfg = Debug|x64
		{2E09F2AA-9554-443A-9BEF-8E7ABBC553F4}.Debug|x64.Build.0 = Debug|x64
		{2E09F2AA-9554-443A-9BEF-8E7ABBC553F4}.Debug|x86.ActiveCfg = Debug|Win32
		{2E09F2AA-9554-443A-9BEF-8E7ABBC553F4}.Debug|x86.Build.0 = Debug|Win32
		{2E09F2AA-9554-443A-9BEF-8E7ABBC553F4}.Release|x64.ActiveCfg = Release|x64
		{2E09F2AA-9554-443A-9BEF-8E7ABBC553F4}.Release|x64.Build.0 = Release|x64
		{2E09F2AA-9554-443A-9BEF-8E7ABBC553F4}.Release|x86.ActiveCfg = Release|Win32
		{2E09F2AA-9554-443A-9BEF-8E7ABBC553F4}.Release|x86.Build.0 = Release|Win32
		{58EC2F57-948B-43A4-A9D0-C5F6BBCA2057}.Debug|x64.ActiveCfg = Debug|x64
		{58EC2F57-948B-43A4-A9D0-C5F6BBCA2057}.Debug|x64.Build.0 = Debug|x64
		{58EC2F57-948B-43A4-A9D0-C5F6BBCA2057}.Debug|x86.ActiveCfg = Debug|Win32
		{58EC2F57-948B-43A4-A9D0-C5F6BBCA2057}.Debug|x86.Build.0 = Debug|Win32
		{58EC2F57-948B-43A4-A9D0-C5F6BBCA2057}.Release|x64.ActiveCfg = Release|x64
		{58EC2F57-948B-43A4-A9D0-C5F6BBCA2057}.Release|x64.Build.0 = Release|x64
		{58EC2F57-948B-43A4-A9D0-C5F6BBCA2057}.Release|x86.ActiveCfg = Release|Win32
		{58EC2F57-948B-43A4-A9D0-C5F6BBCA2057}.Release|x86.Build.0 = Release|Win32
		{15E4C121-52A9-4097-A1FB-EA217AC0A387}.Debug|x64.ActiveCfg = Debug|x64
		{15E4C121-52A9-4097-A1FB-EA217AC0A387}.Debug|x64.Build.0 = Debug|x64
		{15E4C121-52A9-4097-A1FB-EA217AC0A387}.Debug|x86.ActiveCfg = Debug|Win32
		{15E4C121-52A9-4097-A1FB-EA217AC0A387}.Debug|x86.Build.0 = Debug|Win32
		{15E4C121-52A9-4097-A1FB-EA217AC0A387}.Release|x64.ActiveCfg = Release|x64
		{15E4C121-52A9-4097-A1FB-EA217AC0A387}.Release|x64.Build.0 = Release|x64
		{15E4C121-52A9-4097-A1FB-EA217AC0A387}.Release|x86.ActiveCfg = Release|Win32
		{15E4C121-52A9-4097-A1FB-EA217AC0A387}.Release|x86.Build.0 = Release|Win32
		{C6261988-B8AD-4E6C-8D85-5556052733C7}.Debug|x64.ActiveCfg = Debug|x64
		{C6261988-B8AD-4E6C-8D85-5556052733C7}.Debug|x64.Build.0 = Debug|x64
		{C6261988-B8AD-4E6C-8D85-5556052733C7}.Debug|x86.ActiveCfg = Debug|Win32
		{C6261988-B8AD-4E6C-8D85-5556052733C7}.Debug|x86.Build.0 = Debug|Win32
		{C6261988-B8AD-4E6C-8D85-5556052733C7}.Release|x64.ActiveCfg = Release|x64
		{C6261988-B8AD-4E6C-8D85-5556052733C7}.Release|x64.Build.0 = Release|x64
		{C6261988-B8AD-4E6C-8D85-5556052733C7}.Release|x86.ActiveCfg = Release|Win32
		{C6261988-B8AD-4E6C-8D85-5556052733C7}.Release|x86.Build.0 = Release|Win32
		{EE7FEA58-35D4-48DA-9047-E7D3CEACB543}.Debug|x64.ActiveCfg = Debug|x64
		{EE7FEA58-35D4-48DA-9047-E7D3CEACB543}.Debug|x64.Build.0 = Debug|x64
		{EE7FEA58-35D4-48DA-9047-E7D3CEACB543}.Debug|x86.ActiveCfg = Debug|Win32
		{EE7FEA58-35D4-48DA-9047-E7D3CEACB543}.Debug|x86.Build.0 = Debug|Win32
		{EE7FEA58-35D4-48DA-9047-E7D3CEACB543}.Release|x64.ActiveCfg = Release|x64
		{EE7FEA58-35D4-48DA-9047-E7D3CEACB543}.Release|x64.Build.0 = Release|x64
		{EE7FEA58-35D4-48DA-9047-E7D3CEACB543}.Release|x86.ActiveCfg = Release|Win32
		{EE7FEA58-35D4-48DA-9047-E7D3CEACB543}.Release|x86.Build.0 = Release|Win32
		{C56F22CE-43D8-456A-80BE-EF40D35F7203}.Debug|x64.ActiveCfg = Debug|x64
		{C56F22CE-43D8-456A-80BE-EF40D35F7203}.Debug|x64.Build.0 = Debug|x64
		{C56F22CE-43D8-456A-80BE-EF40D35F7203}.Debug|x86.ActiveCfg = Debug|Win32
		{C56F22CE-43D8-456A-80BE-EF40D35F7203}.Debug|x86.Build.0 = Debug|Win32
		{C56F22CE-43D8-456A-80BE-EF40D35F7203}.Release|x64.ActiveCfg = Release|x64
		{C56F22CE-43D8-456A-80BE-EF40D35F7203}.Release|x64.Build.0 = Release|x64
		{C56F22CE-43D8-456A-80BE-EF40D35F7203}.Release|x86.ActiveCfg = Release|Win32
		{C56F22CE-43D8-456A-80BE-EF40D35F7203}.Release|x86.Build.0 = Release|Win32
		{4DDDF8FB-134B-4B32-B3D4-19A0500256D2}.Debug|x64.ActiveCfg = Debug|x64
		{4DDDF8FB-134B-4B32-B3D4-19A0500256D2}.Debug|x64.Build.0 = Debug|x64
		{4DDDF8FB-134B-4B32-B3D4-19A0500256D2}.Debug|x86.ActiveCfg = Debug|Win32
		{4DDDF8FB-134B-4B32-B3D4-19A0500256D2}.Debug|x86.Build.0 = Debug|Win32
		{4DDDF8FB-134B-4B32-B3D4-19A0500256D2}.Release|x64.ActiveCfg = Release|x64
		{4DDDF8FB-134B-4B32-B3D4-19A0500256D2}.Release|x64.Build.0 = Release|x64
		{4DDDF8FB-134B-4B32-B3D4-19A0500256D2}.Release|x86.ActiveCfg = Release|Win32
		{4DDDF8FB-134B-4B32-B3D4-19A0500256D2}.Release|x86.Build.0 = Release|Win32
		{E580B9E8-D8F1-4E47-AFE9-52920AEA21BC}.Debug|x64.ActiveCfg = Debug|x64
		{E580B9E8-D8F1-4E47-AFE9-52920AEA21BC}.Debug|x64.Build.0 = Debug|x64
		{E580B9E8-D8F1-4E47-AFE9-52920AEA21BC}.Debug|x86.ActiveCfg = Debug|Win32
		{E580B9E8-D8F1-4E47-AFE9-52920AEA21BC}.Debug|x86.Build.0 = Debug|Win32
		{E580B9E8-D8F1-4E47-AFE9-52920AEA21BC}.Release|x64.ActiveCfg = Release|x64
		{E580B9E8-D8F1-4E47-AFE9-52920AEA21BC}.Release|x64.Build.0 = Release|x64
		{E580B9E8-D8F1-4E47-AFE9-52920AEA21BC}.Release|x86.ActiveCfg = Release|Win32
		{E580B9E8-D8F1-4E47-AFE9-52920AEA21BC}.Release|x86.Build.0 = Release|Win32
		{7D1C9B9B-6C36-434F-A96D-F793E80CA3BC}.Debug|x64.ActiveCfg = Debug|x64
		{7D1C9B9B-6C36-434F-A96D-F793E80CA3BC}.Debug|x64.Build.0 = Debug|x64
		{7D1C9B9B-6C36-434F-A96D-F793E80CA3BC}.Debug|x86.ActiveCfg = Debug|Win32
		{7D1C9B9B-6C36-434F-A96D-F793E80CA3BC}.Debug|x86.Build.0 = Debug|Win32
		{7D1C9B9B-6C36-434F-A96D-F793E80CA3BC}.Release|x64.ActiveCfg = Release|x64
		{7D1C9B9B-6C36-434F-A96D-F793E80CA3BC}.Release|x64.Build.0 = Release|x64
		{7D1C9B9B-6C36-434F-A96D-F793E80CA3BC}.Release|x86.ActiveCfg = Release|Win32
		{7D1C9B9B-6C36-434F-A96D-F793E80CA3BC}.Release|x86.Build.0 = Release|Win32
		{90F37F6B-C129-4ED8-8F74-144655AB466E}.Debug|x64.ActiveCfg = Debug|x64
		{90F37F6B-C129-4ED8-8F74-144655AB466E}.Debug|x64.Build.0 = Debug|x64
		{90F37F6B-C129-4ED8-8F74-144655AB466E}.Debug|x86.ActiveCfg = Debug|Win32
		{90F37F6B-C129-4ED8-8F74-144655AB466E}.Debug|x86.Build.0 = Debug|Win32
		{90F37F6B-C129-4ED8-8F74-144655AB466E}.Release|x64.ActiveCfg = Release|x64
		{90F37F6B-C129-4ED8-8F74-144655AB466E}.Release|x64.Build.0 = Release|x64
		{90F37F6B-C129-4ED8-8F74-144655AB466E}.Release|x86.ActiveCfg = Release|Win32
		{90F37F6B-C129-4ED8-8F74-144655AB466E}.Release|x86.Build.0 = Release|Win32
		{0958F0B6-94D3-4750-90D7-47518591D20E}.Debug|x64.ActiveCfg = Debug|x64
		{0958F0B6-94D3-4750-90D7-47518591D20E}.Debug|x64.Build.0 = Debug|x64
		{0958F0B6-94D3-4750-90D7-47518591D20E}.Debug|x86.ActiveCfg = Debug|Win32
		{0958F0B6-94D3-4750-90D7-47518591D20E}.Debug|x86.Build.0 = Debug|Win32
		{0958F0B6-94D3-4750-90D7-47518591D20E}.Release|x64.ActiveCfg = Release|x64
		{0958F0B6-94D3-4750-90D7-47518591D20E}.Release|x64.Build.0 = Release|x64
		{0958F0B6-94D3-4750-90D7-47518591D20E}.Release|x86.ActiveCfg = Release|Win32
		{0958F0B6-94D3-4750-90D7-47518591D20E}.Release|x86.Build.0 = Release|Win32
		{DD6D2B2F-B39E-4676-81B1-3A7FBC01FEFC}.Debug|x64.ActiveCfg = Debug|x64
		{DD6D2B2F-B39E-4676-81B1-3A7FBC01FEFC}.Debug|x64.Build.0 = Debug|x64
		{DD6D2B2F-B39E-4676-81B1-3A7FBC01FEFC}.Debug|x86.ActiveCfg = Debug|Win32
		{DD6D2B2F-B39E-4676-81B1-3A7FBC01FEFC}.Debug|x86.Build.0 = Debug|Win32
		{DD6D2B2F-B39E-4676-81B1-3A7FBC01FEFC}.Release|x64.ActiveCfg = Release|x64
		{DD6D2B2F-B39E-4676-81B1-3A7FBC01FEFC}.Release|x64.Build.0 = Release|x64
		{DD6D2B2F-B39E-4676-81B1-3A7FBC01FEFC}.Release|x86.ActiveCfg = Release|Win32
		{DD6D2B2F-B39E-4676-81B1-3A7FBC01FEFC}.Release|x86.Build.0 = Release|Win32
		{EDBE48DB-EBD4-425A-8870-9D89C0936DB8}.Debug|x64.ActiveCfg = Debug|x64
		{EDBE48DB-EBD4-425A-8870-9D89C0936DB8}.Debug|x64.Build.0 = Debug|x64
		{EDBE48DB-EBD4-425A-8870-9D89C0936DB8}.Debug|x86.ActiveCfg = Debug|Win32
		{EDBE48DB-EBD4-425A-8870-9D89C0936DB8}.Debug|x86.Build.0 = Debug|Win32
		{EDBE48DB-EBD4-425A-8870-9D89C0936DB8}.Release|x64.ActiveCfg = Release|x64
		{EDBE48DB-EBD4-425A-8870-9D89C0936DB8}.Release|x64.Build.0 = Release|x64
		{EDBE48DB-EBD4-425A-8870-9D89C0936DB8}.Release|x86.ActiveCfg = Release|Win32
		{EDBE48DB-EBD4-425A-8870-9D89C0936DB8}.Release|x86.Build.0 = Release|Win32
		{D74256CC-C601-49DF-B467-A326F0A1F01E}.Debug|x64.ActiveCfg = Debug|x64
		{D74256CC-C601-49DF-B467-A326F0A1F01E}.Debug|x64.Build.0 = Debug|x64
		{D74256CC-C601-49DF-B467-A326F0A1F01E}.Debug|x86.ActiveCfg = Debug|Win32
		{D74256CC-C601-49DF-B467-A326F0A1F01E}.Debug|x86.Build.0 = Debug|Win32
		{D74256CC-C601-49DF-B467-A326F0A1F01E}.Release|x64.ActiveCfg = Release|x64
		{D74256CC-C601-49DF-B467-A326F0A1F01E}.Release|x64.Build.0 = Release|x64
		{D74256CC-C601-49DF-B467-A326F0A1F01E}.Release|x86.ActiveCfg = Release|Win32
		{D74256CC-C601-49DF-B467-A326F0A1F01E}.Release|x86.Build.0 = Release|Win32
		{1356047D-80D8-4BB8-A3AD-C2B292654364}.Debug|x64.ActiveCfg = Debug|x64
		{1356047D-80D8-4BB8-A3AD-C2B292654364}.Debug|x64.Build.0 = Debug|x64
		{1356047D-80D8-4BB8-A3AD-C2B292654364}.Debug|x86.ActiveCfg = Debug|Win32
		{1356047D-80D8-4BB8-A3AD-C2B292654364}.Debug|x86.Build.0 = Debug|Win32
		{1356047D-80D8-4BB8-A3AD-C2B292654364}.Release|x64.ActiveCfg = Release|x64
		{1356047D-80D8-4BB8-A3AD-C2B292654364}.Release|x64.Build.0 = Release|x64
		{1356047D-80D8-4BB8-A3AD-C2B292654364}.Release|x86.ActiveCfg = Release|Win32
		{1356047D-80D8-4BB8-A3AD-C2B292654364}.Release|x86.Build.0 = Release|Win32
	EndGlobalSection
	GlobalSection(SolutionProperties) = preSolution
		HideSolutionNode = FALSE
	EndGlobalSection
	GlobalSection(ExtensibilityGlobals) = postSolution
		SolutionGuid = {53DF9B76-E486-4B44-989A-8C0BC7D4ABC5}
	EndGlobalSection
EndGlobal
