
Microsoft Visual Studio Solution File, Format Version 12.00
# Visual Studio Version 17
VisualStudioVersion = 17.0.32112.339
MinimumVisualStudioVersion = 10.0.40219.1
Project("{8BC9CEB8-8B4A-11D0-8D11-00A0C91BC942}") = "11", "11\11.vcxproj", "{FDBEAE59-6EBA-4B6F-B8BB-E7A6C9C9F765}"
EndProject
Global
	GlobalSection(SolutionConfigurationPlatforms) = preSolution
		Debug|x64 = Debug|x64
		Debug|x86 = Debug|x86
		Release|x64 = Release|x64
		Release|x86 = Release|x86
	EndGlobalSection
	GlobalSection(ProjectConfigurationPlatforms) = postSolution
		{FDBEAE59-6EBA-4B6F-B8BB-E7A6C9C9F765}.Debug|x64.ActiveCfg = Debug|x64
		{FDBEAE59-6EBA-4B6F-B8BB-E7A6C9C9F765}.Debug|x64.Build.0 = Debug|x64
		{FDBEAE59-6EBA-4B6F-B8BB-E7A6C9C9F765}.Debug|x86.ActiveCfg = Debug|Win32
		{FDBEAE59-6EBA-4B6F-B8BB-E7A6C9C9F765}.Debug|x86.Build.0 = Debug|Win32
		{FDBEAE59-6EBA-4B6F-B8BB-E7A6C9C9F765}.Release|x64.ActiveCfg = Release|x64
		{FDBEAE59-6EBA-4B6F-B8BB-E7A6C9C9F765}.Release|x64.Build.0 = Release|x64
		{FDBEAE59-6EBA-4B6F-B8BB-E7A6C9C9F765}.Release|x86.ActiveCfg = Release|Win32
		{FDBEAE59-6EBA-4B6F-B8BB-E7A6C9C9F765}.Release|x86.Build.0 = Release|Win32
	EndGlobalSection
	GlobalSection(SolutionProperties) = preSolution
		HideSolutionNode = FALSE
	EndGlobalSection
	GlobalSection(ExtensibilityGlobals) = postSolution
		SolutionGuid = {C2F3C765-8D38-4E61-B122-1C129A817277}
	EndGlobalSection
EndGlobal
